// !$*UTF8*$!
{
	archiveVersion = 1;
	classes = {
	};
	objectVersion = 56;
	objects = {

/* Begin PBXBuildFile section */
		CE54E7B32B830D0400288930 /* Hiking.GradientButtonStyle.swift in Sources */ = {isa = PBXBuildFile; fileRef = CE54E7B22B830D0400288930 /* Hiking.GradientButtonStyle.swift */; };
		CE72F8472B7DCBBE00E13E4C /* KoalaWatchApp.swift in Sources */ = {isa = PBXBuildFile; fileRef = CE72F8462B7DCBBE00E13E4C /* KoalaWatchApp.swift */; };
		CE72F8492B7DCBBE00E13E4C /* ContentView.swift in Sources */ = {isa = PBXBuildFile; fileRef = CE72F8482B7DCBBE00E13E4C /* ContentView.swift */; };
		CE72F84B2B7DCBBF00E13E4C /* Assets.xcassets in Resources */ = {isa = PBXBuildFile; fileRef = CE72F84A2B7DCBBF00E13E4C /* Assets.xcassets */; };
		CE72F84E2B7DCBBF00E13E4C /* Preview Assets.xcassets in Resources */ = {isa = PBXBuildFile; fileRef = CE72F84D2B7DCBBF00E13E4C /* Preview Assets.xcassets */; };
		CE72F8672B7DCBC000E13E4C /* KoalaWatch.app in Embed Watch Content */ = {isa = PBXBuildFile; fileRef = CE72F8442B7DCBBE00E13E4C /* KoalaWatch.app */; platformFilter = ios; settings = {ATTRIBUTES = (RemoveHeadersOnCopy, ); }; };
		CE9560FF2B81CBF800907448 /* RealityKitContent in Frameworks */ = {isa = PBXBuildFile; productRef = CE9560FE2B81CBF800907448 /* RealityKitContent */; };
		CE9561012B81CBF800907448 /* KoalaVisionApp.swift in Sources */ = {isa = PBXBuildFile; fileRef = CE9561002B81CBF800907448 /* KoalaVisionApp.swift */; };
		CE9561052B81CBF800907448 /* ImmersiveView.swift in Sources */ = {isa = PBXBuildFile; fileRef = CE9561042B81CBF800907448 /* ImmersiveView.swift */; };
		CE9561072B81CBF800907448 /* ImageBasedLighting.skybox in Resources */ = {isa = PBXBuildFile; fileRef = CE9561062B81CBF800907448 /* ImageBasedLighting.skybox */; };
		CE9561092B81CBF900907448 /* Assets.xcassets in Resources */ = {isa = PBXBuildFile; fileRef = CE9561082B81CBF900907448 /* Assets.xcassets */; };
		CE95610C2B81CBF900907448 /* Preview Assets.xcassets in Resources */ = {isa = PBXBuildFile; fileRef = CE95610B2B81CBF900907448 /* Preview Assets.xcassets */; };
		CE9561132B81CCE000907448 /* CWS.swift in Sources */ = {isa = PBXBuildFile; fileRef = CE9560982B81C55900907448 /* CWS.swift */; };
		CE9561142B81CCE700907448 /* CWS.ContentView.swift in Sources */ = {isa = PBXBuildFile; fileRef = CE95609C2B81C5D200907448 /* CWS.ContentView.swift */; };
		CE9561152B81CCEB00907448 /* CJH.swift in Sources */ = {isa = PBXBuildFile; fileRef = CE9560962B81C54700907448 /* CJH.swift */; };
		CE9561162B81CCEE00907448 /* CJH.ContentView.swift in Sources */ = {isa = PBXBuildFile; fileRef = CE95609A2B81C5A600907448 /* CJH.ContentView.swift */; };
		CE9561182B81CDD500907448 /* MainListView.swift in Sources */ = {isa = PBXBuildFile; fileRef = CE9561172B81CDD500907448 /* MainListView.swift */; };
		CEE0BF052B7F290400B7831A /* Hiking.swift in Sources */ = {isa = PBXBuildFile; fileRef = CEE0BF042B7F290400B7831A /* Hiking.swift */; };
		CEE0BF072B7F291100B7831A /* Hiking.ContentView.swift in Sources */ = {isa = PBXBuildFile; fileRef = CEE0BF062B7F291100B7831A /* Hiking.ContentView.swift */; };
		CEE0BF092B7F3A6D00B7831A /* Hiking.CardView.swift in Sources */ = {isa = PBXBuildFile; fileRef = CEE0BF082B7F3A6D00B7831A /* Hiking.CardView.swift */; };
		CEE0BF0C2B7F3C0800B7831A /* Hiking.BackgroundView.swift in Sources */ = {isa = PBXBuildFile; fileRef = CEE0BF0B2B7F3C0800B7831A /* Hiking.BackgroundView.swift */; };
		CEE0BF0E2B7F422000B7831A /* Hiking.ButtonView.swift in Sources */ = {isa = PBXBuildFile; fileRef = CEE0BF0D2B7F422000B7831A /* Hiking.ButtonView.swift */; };
		CEEB1FE12B83118D00390D7A /* Hiking.CircleView.swift in Sources */ = {isa = PBXBuildFile; fileRef = CEEB1FE02B83118D00390D7A /* Hiking.CircleView.swift */; };
		CEEB1FE32B83133800390D7A /* Hiking.MotionAnimationView.swift in Sources */ = {isa = PBXBuildFile; fileRef = CEEB1FE22B83133800390D7A /* Hiking.MotionAnimationView.swift */; };
		CEEB1FE62B83242C00390D7A /* Hiking.SettingsView.swift in Sources */ = {isa = PBXBuildFile; fileRef = CEEB1FE52B83242C00390D7A /* Hiking.SettingsView.swift */; };
		CEF2C5722B7DC2F30063592B /* KoalaApp.swift in Sources */ = {isa = PBXBuildFile; fileRef = CEF2C5712B7DC2F30063592B /* KoalaApp.swift */; };
		CEF2C5742B7DC2F30063592B /* MainListView.swift in Sources */ = {isa = PBXBuildFile; fileRef = CEF2C5732B7DC2F30063592B /* MainListView.swift */; };
		CEF2C5782B7DC2F40063592B /* Assets.xcassets in Resources */ = {isa = PBXBuildFile; fileRef = CEF2C5772B7DC2F40063592B /* Assets.xcassets */; };
		CEF2C57C2B7DC2F40063592B /* Preview Assets.xcassets in Resources */ = {isa = PBXBuildFile; fileRef = CEF2C57B2B7DC2F40063592B /* Preview Assets.xcassets */; };
/* End PBXBuildFile section */

/* Begin PBXContainerItemProxy section */
		CE72F8652B7DCBC000E13E4C /* PBXContainerItemProxy */ = {
			isa = PBXContainerItemProxy;
			containerPortal = CEF2C5662B7DC2F30063592B /* Project object */;
			proxyType = 1;
			remoteGlobalIDString = CE72F8432B7DCBBE00E13E4C;
			remoteInfo = "KoalaWatch Watch App";
		};
/* End PBXContainerItemProxy section */

/* Begin PBXCopyFilesBuildPhase section */
		CE72F8682B7DCBC000E13E4C /* Embed Watch Content */ = {
			isa = PBXCopyFilesBuildPhase;
			buildActionMask = 2147483647;
			dstPath = "$(CONTENTS_FOLDER_PATH)/Watch";
			dstSubfolderSpec = 16;
			files = (
				CE72F8672B7DCBC000E13E4C /* KoalaWatch.app in Embed Watch Content */,
			);
			name = "Embed Watch Content";
			runOnlyForDeploymentPostprocessing = 0;
		};
/* End PBXCopyFilesBuildPhase section */

/* Begin PBXFileReference section */
		CE54E7B22B830D0400288930 /* Hiking.GradientButtonStyle.swift */ = {isa = PBXFileReference; lastKnownFileType = sourcecode.swift; path = Hiking.GradientButtonStyle.swift; sourceTree = "<group>"; };
		CE72F8442B7DCBBE00E13E4C /* KoalaWatch.app */ = {isa = PBXFileReference; explicitFileType = wrapper.application; includeInIndex = 0; path = KoalaWatch.app; sourceTree = BUILT_PRODUCTS_DIR; };
		CE72F8462B7DCBBE00E13E4C /* KoalaWatchApp.swift */ = {isa = PBXFileReference; lastKnownFileType = sourcecode.swift; path = KoalaWatchApp.swift; sourceTree = "<group>"; };
		CE72F8482B7DCBBE00E13E4C /* ContentView.swift */ = {isa = PBXFileReference; lastKnownFileType = sourcecode.swift; path = ContentView.swift; sourceTree = "<group>"; };
		CE72F84A2B7DCBBF00E13E4C /* Assets.xcassets */ = {isa = PBXFileReference; lastKnownFileType = folder.assetcatalog; path = Assets.xcassets; sourceTree = "<group>"; };
		CE72F84D2B7DCBBF00E13E4C /* Preview Assets.xcassets */ = {isa = PBXFileReference; lastKnownFileType = folder.assetcatalog; path = "Preview Assets.xcassets"; sourceTree = "<group>"; };
		CE9560962B81C54700907448 /* CJH.swift */ = {isa = PBXFileReference; lastKnownFileType = sourcecode.swift; path = CJH.swift; sourceTree = "<group>"; };
		CE9560982B81C55900907448 /* CWS.swift */ = {isa = PBXFileReference; lastKnownFileType = sourcecode.swift; path = CWS.swift; sourceTree = "<group>"; };
		CE95609A2B81C5A600907448 /* CJH.ContentView.swift */ = {isa = PBXFileReference; lastKnownFileType = sourcecode.swift; path = CJH.ContentView.swift; sourceTree = "<group>"; };
		CE95609C2B81C5D200907448 /* CWS.ContentView.swift */ = {isa = PBXFileReference; lastKnownFileType = sourcecode.swift; path = CWS.ContentView.swift; sourceTree = "<group>"; };
		CE9560FA2B81CBF800907448 /* KoalaVision.app */ = {isa = PBXFileReference; explicitFileType = wrapper.application; includeInIndex = 0; path = KoalaVision.app; sourceTree = BUILT_PRODUCTS_DIR; };
		CE9560FD2B81CBF800907448 /* RealityKitContent */ = {isa = PBXFileReference; lastKnownFileType = wrapper; path = RealityKitContent; sourceTree = "<group>"; };
		CE9561002B81CBF800907448 /* KoalaVisionApp.swift */ = {isa = PBXFileReference; lastKnownFileType = sourcecode.swift; path = KoalaVisionApp.swift; sourceTree = "<group>"; };
		CE9561042B81CBF800907448 /* ImmersiveView.swift */ = {isa = PBXFileReference; lastKnownFileType = sourcecode.swift; path = ImmersiveView.swift; sourceTree = "<group>"; };
		CE9561062B81CBF800907448 /* ImageBasedLighting.skybox */ = {isa = PBXFileReference; lastKnownFileType = file.skybox; path = ImageBasedLighting.skybox; sourceTree = "<group>"; };
		CE9561082B81CBF900907448 /* Assets.xcassets */ = {isa = PBXFileReference; lastKnownFileType = folder.assetcatalog; path = Assets.xcassets; sourceTree = "<group>"; };
		CE95610B2B81CBF900907448 /* Preview Assets.xcassets */ = {isa = PBXFileReference; lastKnownFileType = folder.assetcatalog; path = "Preview Assets.xcassets"; sourceTree = "<group>"; };
		CE95610D2B81CBF900907448 /* Info.plist */ = {isa = PBXFileReference; lastKnownFileType = text.plist.xml; path = Info.plist; sourceTree = "<group>"; };
		CE9561172B81CDD500907448 /* MainListView.swift */ = {isa = PBXFileReference; lastKnownFileType = sourcecode.swift; path = MainListView.swift; sourceTree = "<group>"; };
		CEE0BF042B7F290400B7831A /* Hiking.swift */ = {isa = PBXFileReference; lastKnownFileType = sourcecode.swift; path = Hiking.swift; sourceTree = "<group>"; };
		CEE0BF062B7F291100B7831A /* Hiking.ContentView.swift */ = {isa = PBXFileReference; lastKnownFileType = sourcecode.swift; path = Hiking.ContentView.swift; sourceTree = "<group>"; };
		CEE0BF082B7F3A6D00B7831A /* Hiking.CardView.swift */ = {isa = PBXFileReference; lastKnownFileType = sourcecode.swift; path = Hiking.CardView.swift; sourceTree = "<group>"; };
		CEE0BF0B2B7F3C0800B7831A /* Hiking.BackgroundView.swift */ = {isa = PBXFileReference; lastKnownFileType = sourcecode.swift; path = Hiking.BackgroundView.swift; sourceTree = "<group>"; };
		CEE0BF0D2B7F422000B7831A /* Hiking.ButtonView.swift */ = {isa = PBXFileReference; lastKnownFileType = sourcecode.swift; path = Hiking.ButtonView.swift; sourceTree = "<group>"; };
		CEEB1FE02B83118D00390D7A /* Hiking.CircleView.swift */ = {isa = PBXFileReference; lastKnownFileType = sourcecode.swift; path = Hiking.CircleView.swift; sourceTree = "<group>"; };
		CEEB1FE22B83133800390D7A /* Hiking.MotionAnimationView.swift */ = {isa = PBXFileReference; lastKnownFileType = sourcecode.swift; path = Hiking.MotionAnimationView.swift; sourceTree = "<group>"; };
		CEEB1FE52B83242C00390D7A /* Hiking.SettingsView.swift */ = {isa = PBXFileReference; lastKnownFileType = sourcecode.swift; path = Hiking.SettingsView.swift; sourceTree = "<group>"; };
		CEF2C56E2B7DC2F30063592B /* Koala.app */ = {isa = PBXFileReference; explicitFileType = wrapper.application; includeInIndex = 0; path = Koala.app; sourceTree = BUILT_PRODUCTS_DIR; };
		CEF2C5712B7DC2F30063592B /* KoalaApp.swift */ = {isa = PBXFileReference; lastKnownFileType = sourcecode.swift; path = KoalaApp.swift; sourceTree = "<group>"; };
		CEF2C5732B7DC2F30063592B /* MainListView.swift */ = {isa = PBXFileReference; lastKnownFileType = sourcecode.swift; path = MainListView.swift; sourceTree = "<group>"; };
		CEF2C5772B7DC2F40063592B /* Assets.xcassets */ = {isa = PBXFileReference; lastKnownFileType = folder.assetcatalog; path = Assets.xcassets; sourceTree = "<group>"; };
		CEF2C5792B7DC2F40063592B /* Koala.entitlements */ = {isa = PBXFileReference; lastKnownFileType = text.plist.entitlements; path = Koala.entitlements; sourceTree = "<group>"; };
		CEF2C57B2B7DC2F40063592B /* Preview Assets.xcassets */ = {isa = PBXFileReference; lastKnownFileType = folder.assetcatalog; path = "Preview Assets.xcassets"; sourceTree = "<group>"; };
/* End PBXFileReference section */

/* Begin PBXFrameworksBuildPhase section */
		CE72F8412B7DCBBE00E13E4C /* Frameworks */ = {
			isa = PBXFrameworksBuildPhase;
			buildActionMask = 2147483647;
			files = (
			);
			runOnlyForDeploymentPostprocessing = 0;
		};
		CE9560F72B81CBF800907448 /* Frameworks */ = {
			isa = PBXFrameworksBuildPhase;
			buildActionMask = 2147483647;
			files = (
				CE9560FF2B81CBF800907448 /* RealityKitContent in Frameworks */,
			);
			runOnlyForDeploymentPostprocessing = 0;
		};
		CEF2C56B2B7DC2F30063592B /* Frameworks */ = {
			isa = PBXFrameworksBuildPhase;
			buildActionMask = 2147483647;
			files = (
			);
			runOnlyForDeploymentPostprocessing = 0;
		};
/* End PBXFrameworksBuildPhase section */

/* Begin PBXGroup section */
		CE54E7B42B830D0A00288930 /* Utility */ = {
			isa = PBXGroup;
			children = (
				CE54E7B22B830D0400288930 /* Hiking.GradientButtonStyle.swift */,
			);
			path = Utility;
			sourceTree = "<group>";
		};
		CE72F8452B7DCBBE00E13E4C /* KoalaWatch */ = {
			isa = PBXGroup;
			children = (
				CE72F8462B7DCBBE00E13E4C /* KoalaWatchApp.swift */,
				CE72F8482B7DCBBE00E13E4C /* ContentView.swift */,
				CE72F84A2B7DCBBF00E13E4C /* Assets.xcassets */,
				CE72F84C2B7DCBBF00E13E4C /* Preview Content */,
			);
			path = KoalaWatch;
			sourceTree = "<group>";
		};
		CE72F84C2B7DCBBF00E13E4C /* Preview Content */ = {
			isa = PBXGroup;
			children = (
				CE72F84D2B7DCBBF00E13E4C /* Preview Assets.xcassets */,
			);
			path = "Preview Content";
			sourceTree = "<group>";
		};
		CE9560942B81C51D00907448 /* CWS */ = {
			isa = PBXGroup;
			children = (
				CE9560982B81C55900907448 /* CWS.swift */,
				CE95609C2B81C5D200907448 /* CWS.ContentView.swift */,
			);
			path = CWS;
			sourceTree = "<group>";
		};
		CE9560952B81C52200907448 /* CJH */ = {
			isa = PBXGroup;
			children = (
				CE9560962B81C54700907448 /* CJH.swift */,
				CE95609A2B81C5A600907448 /* CJH.ContentView.swift */,
			);
			path = CJH;
			sourceTree = "<group>";
		};
		CE9560FB2B81CBF800907448 /* KoalaVision */ = {
			isa = PBXGroup;
			children = (
				CE9560952B81C52200907448 /* CJH */,
				CE9560942B81C51D00907448 /* CWS */,
				CE9561002B81CBF800907448 /* KoalaVisionApp.swift */,
				CE9561172B81CDD500907448 /* MainListView.swift */,
				CE9561042B81CBF800907448 /* ImmersiveView.swift */,
				CE9561062B81CBF800907448 /* ImageBasedLighting.skybox */,
				CE9561082B81CBF900907448 /* Assets.xcassets */,
				CE95610D2B81CBF900907448 /* Info.plist */,
				CE95610A2B81CBF900907448 /* Preview Content */,
			);
			path = KoalaVision;
			sourceTree = "<group>";
		};
		CE9560FC2B81CBF800907448 /* Packages */ = {
			isa = PBXGroup;
			children = (
				CE9560FD2B81CBF800907448 /* RealityKitContent */,
			);
			path = Packages;
			sourceTree = "<group>";
		};
		CE95610A2B81CBF900907448 /* Preview Content */ = {
			isa = PBXGroup;
			children = (
				CE95610B2B81CBF900907448 /* Preview Assets.xcassets */,
			);
			path = "Preview Content";
			sourceTree = "<group>";
		};
		CEE0BF012B7F26F500B7831A /* Models */ = {
			isa = PBXGroup;
			children = (
			);
			path = Models;
			sourceTree = "<group>";
		};
		CEE0BF022B7F271000B7831A /* Views */ = {
			isa = PBXGroup;
			children = (
				CEF2C5712B7DC2F30063592B /* KoalaApp.swift */,
				CEF2C5732B7DC2F30063592B /* MainListView.swift */,
			);
			path = Views;
			sourceTree = "<group>";
		};
		CEE0BF032B7F273600B7831A /* Hiking */ = {
			isa = PBXGroup;
			children = (
				CE54E7B42B830D0A00288930 /* Utility */,
				CEE0BF042B7F290400B7831A /* Hiking.swift */,
				CEEB1FE42B83241A00390D7A /* Screen */,
				CEE0BF0A2B7F3BF200B7831A /* Components */,
			);
			path = Hiking;
			sourceTree = "<group>";
		};
		CEE0BF0A2B7F3BF200B7831A /* Components */ = {
			isa = PBXGroup;
			children = (
				CEE0BF082B7F3A6D00B7831A /* Hiking.CardView.swift */,
				CEE0BF0D2B7F422000B7831A /* Hiking.ButtonView.swift */,
				CEE0BF0B2B7F3C0800B7831A /* Hiking.BackgroundView.swift */,
				CEEB1FE02B83118D00390D7A /* Hiking.CircleView.swift */,
				CEEB1FE22B83133800390D7A /* Hiking.MotionAnimationView.swift */,
			);
			path = Components;
			sourceTree = "<group>";
		};
		CEEB1FE42B83241A00390D7A /* Screen */ = {
			isa = PBXGroup;
			children = (
				CEE0BF062B7F291100B7831A /* Hiking.ContentView.swift */,
				CEEB1FE52B83242C00390D7A /* Hiking.SettingsView.swift */,
			);
			path = Screen;
			sourceTree = "<group>";
		};
		CEF2C5652B7DC2F30063592B = {
			isa = PBXGroup;
			children = (
				CEF2C5702B7DC2F30063592B /* Koala */,
				CE72F8452B7DCBBE00E13E4C /* KoalaWatch */,
				CE9560FB2B81CBF800907448 /* KoalaVision */,
				CE9560FC2B81CBF800907448 /* Packages */,
				CEF2C56F2B7DC2F30063592B /* Products */,
			);
			sourceTree = "<group>";
		};
		CEF2C56F2B7DC2F30063592B /* Products */ = {
			isa = PBXGroup;
			children = (
				CEF2C56E2B7DC2F30063592B /* Koala.app */,
				CE72F8442B7DCBBE00E13E4C /* KoalaWatch.app */,
				CE9560FA2B81CBF800907448 /* KoalaVision.app */,
			);
			name = Products;
			sourceTree = "<group>";
		};
		CEF2C5702B7DC2F30063592B /* Koala */ = {
			isa = PBXGroup;
			children = (
				CEE0BF012B7F26F500B7831A /* Models */,
				CEE0BF022B7F271000B7831A /* Views */,
				CEE0BF032B7F273600B7831A /* Hiking */,
				CEF2C5772B7DC2F40063592B /* Assets.xcassets */,
				CEF2C5792B7DC2F40063592B /* Koala.entitlements */,
				CEF2C57A2B7DC2F40063592B /* Preview Content */,
			);
			path = Koala;
			sourceTree = "<group>";
		};
		CEF2C57A2B7DC2F40063592B /* Preview Content */ = {
			isa = PBXGroup;
			children = (
				CEF2C57B2B7DC2F40063592B /* Preview Assets.xcassets */,
			);
			path = "Preview Content";
			sourceTree = "<group>";
		};
/* End PBXGroup section */

/* Begin PBXNativeTarget section */
		CE72F8432B7DCBBE00E13E4C /* KoalaWatch */ = {
			isa = PBXNativeTarget;
			buildConfigurationList = CE72F86F2B7DCBC000E13E4C /* Build configuration list for PBXNativeTarget "KoalaWatch" */;
			buildPhases = (
				CE72F8402B7DCBBE00E13E4C /* Sources */,
				CE72F8412B7DCBBE00E13E4C /* Frameworks */,
				CE72F8422B7DCBBE00E13E4C /* Resources */,
			);
			buildRules = (
			);
			dependencies = (
			);
			name = KoalaWatch;
			productName = "KoalaWatch Watch App";
			productReference = CE72F8442B7DCBBE00E13E4C /* KoalaWatch.app */;
			productType = "com.apple.product-type.application";
		};
		CE9560F92B81CBF800907448 /* KoalaVision */ = {
			isa = PBXNativeTarget;
			buildConfigurationList = CE95610E2B81CBF900907448 /* Build configuration list for PBXNativeTarget "KoalaVision" */;
			buildPhases = (
				CE9560F62B81CBF800907448 /* Sources */,
				CE9560F72B81CBF800907448 /* Frameworks */,
				CE9560F82B81CBF800907448 /* Resources */,
			);
			buildRules = (
			);
			dependencies = (
			);
			name = KoalaVision;
			packageProductDependencies = (
				CE9560FE2B81CBF800907448 /* RealityKitContent */,
			);
			productName = KoalaVision;
			productReference = CE9560FA2B81CBF800907448 /* KoalaVision.app */;
			productType = "com.apple.product-type.application";
		};
		CEF2C56D2B7DC2F30063592B /* Koala */ = {
			isa = PBXNativeTarget;
			buildConfigurationList = CEF2C5952B7DC2F40063592B /* Build configuration list for PBXNativeTarget "Koala" */;
			buildPhases = (
				CEF2C56A2B7DC2F30063592B /* Sources */,
				CEF2C56B2B7DC2F30063592B /* Frameworks */,
				CEF2C56C2B7DC2F30063592B /* Resources */,
				CE72F8682B7DCBC000E13E4C /* Embed Watch Content */,
			);
			buildRules = (
			);
			dependencies = (
				CE72F8662B7DCBC000E13E4C /* PBXTargetDependency */,
			);
			name = Koala;
			productName = Koala;
			productReference = CEF2C56E2B7DC2F30063592B /* Koala.app */;
			productType = "com.apple.product-type.application";
		};
/* End PBXNativeTarget section */

/* Begin PBXProject section */
		CEF2C5662B7DC2F30063592B /* Project object */ = {
			isa = PBXProject;
			attributes = {
				BuildIndependentTargetsInParallel = 1;
				LastSwiftUpdateCheck = 1520;
				LastUpgradeCheck = 1520;
				TargetAttributes = {
					CE72F8432B7DCBBE00E13E4C = {
						CreatedOnToolsVersion = 15.2;
					};
					CE9560F92B81CBF800907448 = {
						CreatedOnToolsVersion = 15.2;
					};
					CEF2C56D2B7DC2F30063592B = {
						CreatedOnToolsVersion = 15.0;
					};
				};
			};
			buildConfigurationList = CEF2C5692B7DC2F30063592B /* Build configuration list for PBXProject "Koala" */;
			compatibilityVersion = "Xcode 14.0";
			developmentRegion = en;
			hasScannedForEncodings = 0;
			knownRegions = (
				en,
				Base,
			);
			mainGroup = CEF2C5652B7DC2F30063592B;
			productRefGroup = CEF2C56F2B7DC2F30063592B /* Products */;
			projectDirPath = "";
			projectRoot = "";
			targets = (
				CEF2C56D2B7DC2F30063592B /* Koala */,
				CE72F8432B7DCBBE00E13E4C /* KoalaWatch */,
				CE9560F92B81CBF800907448 /* KoalaVision */,
			);
		};
/* End PBXProject section */

/* Begin PBXResourcesBuildPhase section */
		CE72F8422B7DCBBE00E13E4C /* Resources */ = {
			isa = PBXResourcesBuildPhase;
			buildActionMask = 2147483647;
			files = (
				CE72F84E2B7DCBBF00E13E4C /* Preview Assets.xcassets in Resources */,
				CE72F84B2B7DCBBF00E13E4C /* Assets.xcassets in Resources */,
			);
			runOnlyForDeploymentPostprocessing = 0;
		};
		CE9560F82B81CBF800907448 /* Resources */ = {
			isa = PBXResourcesBuildPhase;
			buildActionMask = 2147483647;
			files = (
				CE9561092B81CBF900907448 /* Assets.xcassets in Resources */,
				CE95610C2B81CBF900907448 /* Preview Assets.xcassets in Resources */,
				CE9561072B81CBF800907448 /* ImageBasedLighting.skybox in Resources */,
			);
			runOnlyForDeploymentPostprocessing = 0;
		};
		CEF2C56C2B7DC2F30063592B /* Resources */ = {
			isa = PBXResourcesBuildPhase;
			buildActionMask = 2147483647;
			files = (
				CEF2C57C2B7DC2F40063592B /* Preview Assets.xcassets in Resources */,
				CEF2C5782B7DC2F40063592B /* Assets.xcassets in Resources */,
			);
			runOnlyForDeploymentPostprocessing = 0;
		};
/* End PBXResourcesBuildPhase section */

/* Begin PBXSourcesBuildPhase section */
		CE72F8402B7DCBBE00E13E4C /* Sources */ = {
			isa = PBXSourcesBuildPhase;
			buildActionMask = 2147483647;
			files = (
				CE72F8492B7DCBBE00E13E4C /* ContentView.swift in Sources */,
				CE72F8472B7DCBBE00E13E4C /* KoalaWatchApp.swift in Sources */,
			);
			runOnlyForDeploymentPostprocessing = 0;
		};
		CE9560F62B81CBF800907448 /* Sources */ = {
			isa = PBXSourcesBuildPhase;
			buildActionMask = 2147483647;
			files = (
				CE9561182B81CDD500907448 /* MainListView.swift in Sources */,
				CE9561142B81CCE700907448 /* CWS.ContentView.swift in Sources */,
				CE9561162B81CCEE00907448 /* CJH.ContentView.swift in Sources */,
				CE9561132B81CCE000907448 /* CWS.swift in Sources */,
				CE9561012B81CBF800907448 /* KoalaVisionApp.swift in Sources */,
				CE9561052B81CBF800907448 /* ImmersiveView.swift in Sources */,
				CE9561152B81CCEB00907448 /* CJH.swift in Sources */,
			);
			runOnlyForDeploymentPostprocessing = 0;
		};
		CEF2C56A2B7DC2F30063592B /* Sources */ = {
			isa = PBXSourcesBuildPhase;
			buildActionMask = 2147483647;
			files = (
				CEF2C5742B7DC2F30063592B /* MainListView.swift in Sources */,
				CEE0BF072B7F291100B7831A /* Hiking.ContentView.swift in Sources */,
				CEEB1FE12B83118D00390D7A /* Hiking.CircleView.swift in Sources */,
				CEE0BF092B7F3A6D00B7831A /* Hiking.CardView.swift in Sources */,
				CEE0BF0C2B7F3C0800B7831A /* Hiking.BackgroundView.swift in Sources */,
				CE54E7B32B830D0400288930 /* Hiking.GradientButtonStyle.swift in Sources */,
				CEE0BF0E2B7F422000B7831A /* Hiking.ButtonView.swift in Sources */,
				CEE0BF052B7F290400B7831A /* Hiking.swift in Sources */,
				CEEB1FE62B83242C00390D7A /* Hiking.SettingsView.swift in Sources */,
				CEF2C5722B7DC2F30063592B /* KoalaApp.swift in Sources */,
				CEEB1FE32B83133800390D7A /* Hiking.MotionAnimationView.swift in Sources */,
			);
			runOnlyForDeploymentPostprocessing = 0;
		};
/* End PBXSourcesBuildPhase section */

/* Begin PBXTargetDependency section */
		CE72F8662B7DCBC000E13E4C /* PBXTargetDependency */ = {
			isa = PBXTargetDependency;
			platformFilter = ios;
			target = CE72F8432B7DCBBE00E13E4C /* KoalaWatch */;
			targetProxy = CE72F8652B7DCBC000E13E4C /* PBXContainerItemProxy */;
		};
/* End PBXTargetDependency section */

/* Begin XCBuildConfiguration section */
		CE72F8692B7DCBC000E13E4C /* Debug */ = {
			isa = XCBuildConfiguration;
			buildSettings = {
				ASSETCATALOG_COMPILER_APPICON_NAME = AppIcon;
				ASSETCATALOG_COMPILER_GLOBAL_ACCENT_COLOR_NAME = AccentColor;
				CODE_SIGN_STYLE = Automatic;
				CURRENT_PROJECT_VERSION = 1;
				DEVELOPMENT_ASSET_PATHS = "\"KoalaWatch/Preview Content\"";
				DEVELOPMENT_TEAM = 86QLG35ZLT;
				ENABLE_PREVIEWS = YES;
				GENERATE_INFOPLIST_FILE = YES;
				INFOPLIST_KEY_CFBundleDisplayName = KoalaWatch;
				INFOPLIST_KEY_UISupportedInterfaceOrientations = "UIInterfaceOrientationPortrait UIInterfaceOrientationPortraitUpsideDown";
				INFOPLIST_KEY_WKCompanionAppBundleIdentifier = com.wansook.Koala;
				LD_RUNPATH_SEARCH_PATHS = (
					"$(inherited)",
					"@executable_path/Frameworks",
				);
				MARKETING_VERSION = 1.0;
				PRODUCT_BUNDLE_IDENTIFIER = com.wansook.Koala.watchkitapp;
				PRODUCT_NAME = "$(TARGET_NAME)";
				SDKROOT = watchos;
				SKIP_INSTALL = YES;
				SWIFT_EMIT_LOC_STRINGS = YES;
				SWIFT_VERSION = 5.0;
				TARGETED_DEVICE_FAMILY = 4;
				WATCHOS_DEPLOYMENT_TARGET = 10.2;
			};
			name = Debug;
		};
		CE72F86A2B7DCBC000E13E4C /* Release */ = {
			isa = XCBuildConfiguration;
			buildSettings = {
				ASSETCATALOG_COMPILER_APPICON_NAME = AppIcon;
				ASSETCATALOG_COMPILER_GLOBAL_ACCENT_COLOR_NAME = AccentColor;
				CODE_SIGN_STYLE = Automatic;
				CURRENT_PROJECT_VERSION = 1;
				DEVELOPMENT_ASSET_PATHS = "\"KoalaWatch/Preview Content\"";
				DEVELOPMENT_TEAM = 86QLG35ZLT;
				ENABLE_PREVIEWS = YES;
				GENERATE_INFOPLIST_FILE = YES;
				INFOPLIST_KEY_CFBundleDisplayName = KoalaWatch;
				INFOPLIST_KEY_UISupportedInterfaceOrientations = "UIInterfaceOrientationPortrait UIInterfaceOrientationPortraitUpsideDown";
				INFOPLIST_KEY_WKCompanionAppBundleIdentifier = com.wansook.Koala;
				LD_RUNPATH_SEARCH_PATHS = (
					"$(inherited)",
					"@executable_path/Frameworks",
				);
				MARKETING_VERSION = 1.0;
				PRODUCT_BUNDLE_IDENTIFIER = com.wansook.Koala.watchkitapp;
				PRODUCT_NAME = "$(TARGET_NAME)";
				SDKROOT = watchos;
				SKIP_INSTALL = YES;
				SWIFT_EMIT_LOC_STRINGS = YES;
				SWIFT_VERSION = 5.0;
				TARGETED_DEVICE_FAMILY = 4;
				VALIDATE_PRODUCT = YES;
				WATCHOS_DEPLOYMENT_TARGET = 10.2;
			};
			name = Release;
		};
		CE95610F2B81CBF900907448 /* Debug */ = {
			isa = XCBuildConfiguration;
			buildSettings = {
				ASSETCATALOG_COMPILER_APPICON_NAME = AppIcon;
				ASSETCATALOG_COMPILER_GLOBAL_ACCENT_COLOR_NAME = AccentColor;
				CODE_SIGN_STYLE = Automatic;
				CURRENT_PROJECT_VERSION = 1;
				DEVELOPMENT_ASSET_PATHS = "\"KoalaVision/Preview Content\"";
				DEVELOPMENT_TEAM = 86QLG35ZLT;
				ENABLE_PREVIEWS = YES;
				GENERATE_INFOPLIST_FILE = YES;
				INFOPLIST_FILE = "$(TARGET_NAME)/Info.plist";
				LD_RUNPATH_SEARCH_PATHS = (
					"$(inherited)",
					"@executable_path/Frameworks",
				);
				MARKETING_VERSION = 1.0;
				PRODUCT_BUNDLE_IDENTIFIER = com.wansook.KoalaVision;
				PRODUCT_NAME = "$(TARGET_NAME)";
				SDKROOT = xros;
				SUPPORTED_PLATFORMS = "xros xrsimulator";
				SWIFT_EMIT_LOC_STRINGS = YES;
				SWIFT_VERSION = 5.0;
				TARGETED_DEVICE_FAMILY = "1,2,7";
				XROS_DEPLOYMENT_TARGET = 1.0;
			};
			name = Debug;
		};
		CE9561102B81CBF900907448 /* Release */ = {
			isa = XCBuildConfiguration;
			buildSettings = {
				ASSETCATALOG_COMPILER_APPICON_NAME = AppIcon;
				ASSETCATALOG_COMPILER_GLOBAL_ACCENT_COLOR_NAME = AccentColor;
				CODE_SIGN_STYLE = Automatic;
				CURRENT_PROJECT_VERSION = 1;
				DEVELOPMENT_ASSET_PATHS = "\"KoalaVision/Preview Content\"";
				DEVELOPMENT_TEAM = 86QLG35ZLT;
				ENABLE_PREVIEWS = YES;
				GENERATE_INFOPLIST_FILE = YES;
				INFOPLIST_FILE = "$(TARGET_NAME)/Info.plist";
				LD_RUNPATH_SEARCH_PATHS = (
					"$(inherited)",
					"@executable_path/Frameworks",
				);
				MARKETING_VERSION = 1.0;
				PRODUCT_BUNDLE_IDENTIFIER = com.wansook.KoalaVision;
				PRODUCT_NAME = "$(TARGET_NAME)";
				SDKROOT = xros;
				SUPPORTED_PLATFORMS = "xros xrsimulator";
				SWIFT_EMIT_LOC_STRINGS = YES;
				SWIFT_VERSION = 5.0;
				TARGETED_DEVICE_FAMILY = "1,2,7";
				VALIDATE_PRODUCT = YES;
				XROS_DEPLOYMENT_TARGET = 1.0;
			};
			name = Release;
		};
		CEF2C5932B7DC2F40063592B /* Debug */ = {
			isa = XCBuildConfiguration;
			buildSettings = {
				ALWAYS_SEARCH_USER_PATHS = NO;
				ASSETCATALOG_COMPILER_GENERATE_SWIFT_ASSET_SYMBOL_EXTENSIONS = YES;
				CLANG_ANALYZER_NONNULL = YES;
				CLANG_ANALYZER_NUMBER_OBJECT_CONVERSION = YES_AGGRESSIVE;
				CLANG_CXX_LANGUAGE_STANDARD = "gnu++20";
				CLANG_ENABLE_MODULES = YES;
				CLANG_ENABLE_OBJC_ARC = YES;
				CLANG_ENABLE_OBJC_WEAK = YES;
				CLANG_WARN_BLOCK_CAPTURE_AUTORELEASING = YES;
				CLANG_WARN_BOOL_CONVERSION = YES;
				CLANG_WARN_COMMA = YES;
				CLANG_WARN_CONSTANT_CONVERSION = YES;
				CLANG_WARN_DEPRECATED_OBJC_IMPLEMENTATIONS = YES;
				CLANG_WARN_DIRECT_OBJC_ISA_USAGE = YES_ERROR;
				CLANG_WARN_DOCUMENTATION_COMMENTS = YES;
				CLANG_WARN_EMPTY_BODY = YES;
				CLANG_WARN_ENUM_CONVERSION = YES;
				CLANG_WARN_INFINITE_RECURSION = YES;
				CLANG_WARN_INT_CONVERSION = YES;
				CLANG_WARN_NON_LITERAL_NULL_CONVERSION = YES;
				CLANG_WARN_OBJC_IMPLICIT_RETAIN_SELF = YES;
				CLANG_WARN_OBJC_LITERAL_CONVERSION = YES;
				CLANG_WARN_OBJC_ROOT_CLASS = YES_ERROR;
				CLANG_WARN_QUOTED_INCLUDE_IN_FRAMEWORK_HEADER = YES;
				CLANG_WARN_RANGE_LOOP_ANALYSIS = YES;
				CLANG_WARN_STRICT_PROTOTYPES = YES;
				CLANG_WARN_SUSPICIOUS_MOVE = YES;
				CLANG_WARN_UNGUARDED_AVAILABILITY = YES_AGGRESSIVE;
				CLANG_WARN_UNREACHABLE_CODE = YES;
				CLANG_WARN__DUPLICATE_METHOD_MATCH = YES;
				COPY_PHASE_STRIP = NO;
				DEAD_CODE_STRIPPING = YES;
				DEBUG_INFORMATION_FORMAT = dwarf;
				ENABLE_STRICT_OBJC_MSGSEND = YES;
				ENABLE_TESTABILITY = YES;
				ENABLE_USER_SCRIPT_SANDBOXING = YES;
				GCC_C_LANGUAGE_STANDARD = gnu17;
				GCC_DYNAMIC_NO_PIC = NO;
				GCC_NO_COMMON_BLOCKS = YES;
				GCC_OPTIMIZATION_LEVEL = 0;
				GCC_PREPROCESSOR_DEFINITIONS = (
					"DEBUG=1",
					"$(inherited)",
				);
				GCC_WARN_64_TO_32_BIT_CONVERSION = YES;
				GCC_WARN_ABOUT_RETURN_TYPE = YES_ERROR;
				GCC_WARN_UNDECLARED_SELECTOR = YES;
				GCC_WARN_UNINITIALIZED_AUTOS = YES_AGGRESSIVE;
				GCC_WARN_UNUSED_FUNCTION = YES;
				GCC_WARN_UNUSED_VARIABLE = YES;
				LOCALIZATION_PREFERS_STRING_CATALOGS = YES;
				MTL_ENABLE_DEBUG_INFO = INCLUDE_SOURCE;
				MTL_FAST_MATH = YES;
				ONLY_ACTIVE_ARCH = YES;
				SWIFT_ACTIVE_COMPILATION_CONDITIONS = "DEBUG $(inherited)";
				SWIFT_OPTIMIZATION_LEVEL = "-Onone";
			};
			name = Debug;
		};
		CEF2C5942B7DC2F40063592B /* Release */ = {
			isa = XCBuildConfiguration;
			buildSettings = {
				ALWAYS_SEARCH_USER_PATHS = NO;
				ASSETCATALOG_COMPILER_GENERATE_SWIFT_ASSET_SYMBOL_EXTENSIONS = YES;
				CLANG_ANALYZER_NONNULL = YES;
				CLANG_ANALYZER_NUMBER_OBJECT_CONVERSION = YES_AGGRESSIVE;
				CLANG_CXX_LANGUAGE_STANDARD = "gnu++20";
				CLANG_ENABLE_MODULES = YES;
				CLANG_ENABLE_OBJC_ARC = YES;
				CLANG_ENABLE_OBJC_WEAK = YES;
				CLANG_WARN_BLOCK_CAPTURE_AUTORELEASING = YES;
				CLANG_WARN_BOOL_CONVERSION = YES;
				CLANG_WARN_COMMA = YES;
				CLANG_WARN_CONSTANT_CONVERSION = YES;
				CLANG_WARN_DEPRECATED_OBJC_IMPLEMENTATIONS = YES;
				CLANG_WARN_DIRECT_OBJC_ISA_USAGE = YES_ERROR;
				CLANG_WARN_DOCUMENTATION_COMMENTS = YES;
				CLANG_WARN_EMPTY_BODY = YES;
				CLANG_WARN_ENUM_CONVERSION = YES;
				CLANG_WARN_INFINITE_RECURSION = YES;
				CLANG_WARN_INT_CONVERSION = YES;
				CLANG_WARN_NON_LITERAL_NULL_CONVERSION = YES;
				CLANG_WARN_OBJC_IMPLICIT_RETAIN_SELF = YES;
				CLANG_WARN_OBJC_LITERAL_CONVERSION = YES;
				CLANG_WARN_OBJC_ROOT_CLASS = YES_ERROR;
				CLANG_WARN_QUOTED_INCLUDE_IN_FRAMEWORK_HEADER = YES;
				CLANG_WARN_RANGE_LOOP_ANALYSIS = YES;
				CLANG_WARN_STRICT_PROTOTYPES = YES;
				CLANG_WARN_SUSPICIOUS_MOVE = YES;
				CLANG_WARN_UNGUARDED_AVAILABILITY = YES_AGGRESSIVE;
				CLANG_WARN_UNREACHABLE_CODE = YES;
				CLANG_WARN__DUPLICATE_METHOD_MATCH = YES;
				COPY_PHASE_STRIP = NO;
				DEAD_CODE_STRIPPING = YES;
				DEBUG_INFORMATION_FORMAT = "dwarf-with-dsym";
				ENABLE_NS_ASSERTIONS = NO;
				ENABLE_STRICT_OBJC_MSGSEND = YES;
				ENABLE_USER_SCRIPT_SANDBOXING = YES;
				GCC_C_LANGUAGE_STANDARD = gnu17;
				GCC_NO_COMMON_BLOCKS = YES;
				GCC_WARN_64_TO_32_BIT_CONVERSION = YES;
				GCC_WARN_ABOUT_RETURN_TYPE = YES_ERROR;
				GCC_WARN_UNDECLARED_SELECTOR = YES;
				GCC_WARN_UNINITIALIZED_AUTOS = YES_AGGRESSIVE;
				GCC_WARN_UNUSED_FUNCTION = YES;
				GCC_WARN_UNUSED_VARIABLE = YES;
				LOCALIZATION_PREFERS_STRING_CATALOGS = YES;
				MTL_ENABLE_DEBUG_INFO = NO;
				MTL_FAST_MATH = YES;
				SWIFT_COMPILATION_MODE = wholemodule;
			};
			name = Release;
		};
		CEF2C5962B7DC2F40063592B /* Debug */ = {
			isa = XCBuildConfiguration;
			buildSettings = {
				ALWAYS_EMBED_SWIFT_STANDARD_LIBRARIES = YES;
				ASSETCATALOG_COMPILER_APPICON_NAME = AppIcon;
				ASSETCATALOG_COMPILER_GLOBAL_ACCENT_COLOR_NAME = AccentColor;
				CODE_SIGN_ENTITLEMENTS = Koala/Koala.entitlements;
				CODE_SIGN_STYLE = Automatic;
				CURRENT_PROJECT_VERSION = 1;
				DEAD_CODE_STRIPPING = YES;
				DEVELOPMENT_ASSET_PATHS = "\"Koala/Preview Content\"";
				DEVELOPMENT_TEAM = 86QLG35ZLT;
				ENABLE_PREVIEWS = YES;
				GENERATE_INFOPLIST_FILE = YES;
				"INFOPLIST_KEY_UIApplicationSceneManifest_Generation[sdk=iphoneos*]" = YES;
				"INFOPLIST_KEY_UIApplicationSceneManifest_Generation[sdk=iphonesimulator*]" = YES;
				"INFOPLIST_KEY_UIApplicationSupportsIndirectInputEvents[sdk=iphoneos*]" = YES;
				"INFOPLIST_KEY_UIApplicationSupportsIndirectInputEvents[sdk=iphonesimulator*]" = YES;
				"INFOPLIST_KEY_UILaunchScreen_Generation[sdk=iphoneos*]" = YES;
				"INFOPLIST_KEY_UILaunchScreen_Generation[sdk=iphonesimulator*]" = YES;
				"INFOPLIST_KEY_UIStatusBarStyle[sdk=iphoneos*]" = UIStatusBarStyleDefault;
				"INFOPLIST_KEY_UIStatusBarStyle[sdk=iphonesimulator*]" = UIStatusBarStyleDefault;
				INFOPLIST_KEY_UISupportedInterfaceOrientations_iPad = "UIInterfaceOrientationPortrait UIInterfaceOrientationPortraitUpsideDown UIInterfaceOrientationLandscapeLeft UIInterfaceOrientationLandscapeRight";
				INFOPLIST_KEY_UISupportedInterfaceOrientations_iPhone = "UIInterfaceOrientationPortrait UIInterfaceOrientationLandscapeLeft UIInterfaceOrientationLandscapeRight";
				IPHONEOS_DEPLOYMENT_TARGET = 17.0;
				LD_RUNPATH_SEARCH_PATHS = "@executable_path/Frameworks";
				"LD_RUNPATH_SEARCH_PATHS[sdk=macosx*]" = "@executable_path/../Frameworks";
				MACOSX_DEPLOYMENT_TARGET = 14.0;
				MARKETING_VERSION = 1.0;
				PRODUCT_BUNDLE_IDENTIFIER = com.wansook.Koala;
				PRODUCT_NAME = "$(TARGET_NAME)";
				SDKROOT = auto;
				SUPPORTED_PLATFORMS = "iphoneos iphonesimulator macosx";
				SUPPORTS_MACCATALYST = NO;
				SWIFT_EMIT_LOC_STRINGS = YES;
				SWIFT_VERSION = 5.0;
				TARGETED_DEVICE_FAMILY = "1,2";
			};
			name = Debug;
		};
		CEF2C5972B7DC2F40063592B /* Release */ = {
			isa = XCBuildConfiguration;
			buildSettings = {
				ALWAYS_EMBED_SWIFT_STANDARD_LIBRARIES = YES;
				ASSETCATALOG_COMPILER_APPICON_NAME = AppIcon;
				ASSETCATALOG_COMPILER_GLOBAL_ACCENT_COLOR_NAME = AccentColor;
				CODE_SIGN_ENTITLEMENTS = Koala/Koala.entitlements;
				CODE_SIGN_STYLE = Automatic;
				CURRENT_PROJECT_VERSION = 1;
				DEAD_CODE_STRIPPING = YES;
				DEVELOPMENT_ASSET_PATHS = "\"Koala/Preview Content\"";
				DEVELOPMENT_TEAM = 86QLG35ZLT;
				ENABLE_PREVIEWS = YES;
				GENERATE_INFOPLIST_FILE = YES;
				"INFOPLIST_KEY_UIApplicationSceneManifest_Generation[sdk=iphoneos*]" = YES;
				"INFOPLIST_KEY_UIApplicationSceneManifest_Generation[sdk=iphonesimulator*]" = YES;
				"INFOPLIST_KEY_UIApplicationSupportsIndirectInputEvents[sdk=iphoneos*]" = YES;
				"INFOPLIST_KEY_UIApplicationSupportsIndirectInputEvents[sdk=iphonesimulator*]" = YES;
				"INFOPLIST_KEY_UILaunchScreen_Generation[sdk=iphoneos*]" = YES;
				"INFOPLIST_KEY_UILaunchScreen_Generation[sdk=iphonesimulator*]" = YES;
				"INFOPLIST_KEY_UIStatusBarStyle[sdk=iphoneos*]" = UIStatusBarStyleDefault;
				"INFOPLIST_KEY_UIStatusBarStyle[sdk=iphonesimulator*]" = UIStatusBarStyleDefault;
				INFOPLIST_KEY_UISupportedInterfaceOrientations_iPad = "UIInterfaceOrientationPortrait UIInterfaceOrientationPortraitUpsideDown UIInterfaceOrientationLandscapeLeft UIInterfaceOrientationLandscapeRight";
				INFOPLIST_KEY_UISupportedInterfaceOrientations_iPhone = "UIInterfaceOrientationPortrait UIInterfaceOrientationLandscapeLeft UIInterfaceOrientationLandscapeRight";
				IPHONEOS_DEPLOYMENT_TARGET = 17.0;
				LD_RUNPATH_SEARCH_PATHS = "@executable_path/Frameworks";
				"LD_RUNPATH_SEARCH_PATHS[sdk=macosx*]" = "@executable_path/../Frameworks";
				MACOSX_DEPLOYMENT_TARGET = 14.0;
				MARKETING_VERSION = 1.0;
				PRODUCT_BUNDLE_IDENTIFIER = com.wansook.Koala;
				PRODUCT_NAME = "$(TARGET_NAME)";
				SDKROOT = auto;
				SUPPORTED_PLATFORMS = "iphoneos iphonesimulator macosx";
				SUPPORTS_MACCATALYST = NO;
				SWIFT_EMIT_LOC_STRINGS = YES;
				SWIFT_VERSION = 5.0;
				TARGETED_DEVICE_FAMILY = "1,2";
			};
			name = Release;
		};
/* End XCBuildConfiguration section */

/* Begin XCConfigurationList section */
		CE72F86F2B7DCBC000E13E4C /* Build configuration list for PBXNativeTarget "KoalaWatch" */ = {
			isa = XCConfigurationList;
			buildConfigurations = (
				CE72F8692B7DCBC000E13E4C /* Debug */,
				CE72F86A2B7DCBC000E13E4C /* Release */,
			);
			defaultConfigurationIsVisible = 0;
			defaultConfigurationName = Release;
		};
		CE95610E2B81CBF900907448 /* Build configuration list for PBXNativeTarget "KoalaVision" */ = {
			isa = XCConfigurationList;
			buildConfigurations = (
				CE95610F2B81CBF900907448 /* Debug */,
				CE9561102B81CBF900907448 /* Release */,
			);
			defaultConfigurationIsVisible = 0;
			defaultConfigurationName = Release;
		};
		CEF2C5692B7DC2F30063592B /* Build configuration list for PBXProject "Koala" */ = {
			isa = XCConfigurationList;
			buildConfigurations = (
				CEF2C5932B7DC2F40063592B /* Debug */,
				CEF2C5942B7DC2F40063592B /* Release */,
			);
			defaultConfigurationIsVisible = 0;
			defaultConfigurationName = Release;
		};
		CEF2C5952B7DC2F40063592B /* Build configuration list for PBXNativeTarget "Koala" */ = {
			isa = XCConfigurationList;
			buildConfigurations = (
				CEF2C5962B7DC2F40063592B /* Debug */,
				CEF2C5972B7DC2F40063592B /* Release */,
			);
			defaultConfigurationIsVisible = 0;
			defaultConfigurationName = Release;
		};
/* End XCConfigurationList section */

/* Begin XCSwiftPackageProductDependency section */
		CE9560FE2B81CBF800907448 /* RealityKitContent */ = {
			isa = XCSwiftPackageProductDependency;
			productName = RealityKitContent;
		};
/* End XCSwiftPackageProductDependency section */
	};
	rootObject = CEF2C5662B7DC2F30063592B /* Project object */;
}
