// !$*UTF8*$!
{
	archiveVersion = 1;
	classes = {
	};
	objectVersion = 56;
	objects = {

/* Begin PBXBuildFile section */
		CE72F8472B7DCBBE00E13E4C /* KoalaWatchApp.swift in Sources */ = {isa = PBXBuildFile; fileRef = CE72F8462B7DCBBE00E13E4C /* KoalaWatchApp.swift */; };
		CE72F8492B7DCBBE00E13E4C /* ContentView.swift in Sources */ = {isa = PBXBuildFile; fileRef = CE72F8482B7DCBBE00E13E4C /* ContentView.swift */; };
		CE72F84B2B7DCBBF00E13E4C /* Assets.xcassets in Resources */ = {isa = PBXBuildFile; fileRef = CE72F84A2B7DCBBF00E13E4C /* Assets.xcassets */; };
		CE72F84E2B7DCBBF00E13E4C /* Preview Assets.xcassets in Resources */ = {isa = PBXBuildFile; fileRef = CE72F84D2B7DCBBF00E13E4C /* Preview Assets.xcassets */; };
		CE72F8582B7DCBC000E13E4C /* KoalaWatchTests.swift in Sources */ = {isa = PBXBuildFile; fileRef = CE72F8572B7DCBC000E13E4C /* KoalaWatchTests.swift */; };
		CE72F8622B7DCBC000E13E4C /* KoalaWatchUITests.swift in Sources */ = {isa = PBXBuildFile; fileRef = CE72F8612B7DCBC000E13E4C /* KoalaWatchUITests.swift */; };
		CE72F8642B7DCBC000E13E4C /* KoalaWatchUILaunchTests.swift in Sources */ = {isa = PBXBuildFile; fileRef = CE72F8632B7DCBC000E13E4C /* KoalaWatchUILaunchTests.swift */; };
		CE72F8672B7DCBC000E13E4C /* KoalaWatch.app in Embed Watch Content */ = {isa = PBXBuildFile; fileRef = CE72F8442B7DCBBE00E13E4C /* KoalaWatch.app */; platformFilter = ios; settings = {ATTRIBUTES = (RemoveHeadersOnCopy, ); }; };
		CEF2C5722B7DC2F30063592B /* KoalaApp.swift in Sources */ = {isa = PBXBuildFile; fileRef = CEF2C5712B7DC2F30063592B /* KoalaApp.swift */; };
		CEF2C5742B7DC2F30063592B /* MainListView.swift in Sources */ = {isa = PBXBuildFile; fileRef = CEF2C5732B7DC2F30063592B /* MainListView.swift */; };
		CEF2C5762B7DC2F30063592B /* Item.swift in Sources */ = {isa = PBXBuildFile; fileRef = CEF2C5752B7DC2F30063592B /* Item.swift */; };
		CEF2C5782B7DC2F40063592B /* Assets.xcassets in Resources */ = {isa = PBXBuildFile; fileRef = CEF2C5772B7DC2F40063592B /* Assets.xcassets */; };
		CEF2C57C2B7DC2F40063592B /* Preview Assets.xcassets in Resources */ = {isa = PBXBuildFile; fileRef = CEF2C57B2B7DC2F40063592B /* Preview Assets.xcassets */; };
		CEF2C5862B7DC2F40063592B /* KoalaTests.swift in Sources */ = {isa = PBXBuildFile; fileRef = CEF2C5852B7DC2F40063592B /* KoalaTests.swift */; };
		CEF2C5902B7DC2F40063592B /* KoalaUITests.swift in Sources */ = {isa = PBXBuildFile; fileRef = CEF2C58F2B7DC2F40063592B /* KoalaUITests.swift */; };
		CEF2C5922B7DC2F40063592B /* KoalaUITestsLaunchTests.swift in Sources */ = {isa = PBXBuildFile; fileRef = CEF2C5912B7DC2F40063592B /* KoalaUITestsLaunchTests.swift */; };
/* End PBXBuildFile section */

/* Begin PBXContainerItemProxy section */
		CE72F8542B7DCBC000E13E4C /* PBXContainerItemProxy */ = {
			isa = PBXContainerItemProxy;
			containerPortal = CEF2C5662B7DC2F30063592B /* Project object */;
			proxyType = 1;
			remoteGlobalIDString = CE72F8432B7DCBBE00E13E4C;
			remoteInfo = "KoalaWatch Watch App";
		};
		CE72F85E2B7DCBC000E13E4C /* PBXContainerItemProxy */ = {
			isa = PBXContainerItemProxy;
			containerPortal = CEF2C5662B7DC2F30063592B /* Project object */;
			proxyType = 1;
			remoteGlobalIDString = CE72F8432B7DCBBE00E13E4C;
			remoteInfo = "KoalaWatch Watch App";
		};
		CE72F8652B7DCBC000E13E4C /* PBXContainerItemProxy */ = {
			isa = PBXContainerItemProxy;
			containerPortal = CEF2C5662B7DC2F30063592B /* Project object */;
			proxyType = 1;
			remoteGlobalIDString = CE72F8432B7DCBBE00E13E4C;
			remoteInfo = "KoalaWatch Watch App";
		};
		CEF2C5822B7DC2F40063592B /* PBXContainerItemProxy */ = {
			isa = PBXContainerItemProxy;
			containerPortal = CEF2C5662B7DC2F30063592B /* Project object */;
			proxyType = 1;
			remoteGlobalIDString = CEF2C56D2B7DC2F30063592B;
			remoteInfo = Koala;
		};
		CEF2C58C2B7DC2F40063592B /* PBXContainerItemProxy */ = {
			isa = PBXContainerItemProxy;
			containerPortal = CEF2C5662B7DC2F30063592B /* Project object */;
			proxyType = 1;
			remoteGlobalIDString = CEF2C56D2B7DC2F30063592B;
			remoteInfo = Koala;
		};
/* End PBXContainerItemProxy section */

/* Begin PBXCopyFilesBuildPhase section */
		CE72F8682B7DCBC000E13E4C /* Embed Watch Content */ = {
			isa = PBXCopyFilesBuildPhase;
			buildActionMask = 2147483647;
			dstPath = "$(CONTENTS_FOLDER_PATH)/Watch";
			dstSubfolderSpec = 16;
			files = (
				CE72F8672B7DCBC000E13E4C /* KoalaWatch.app in Embed Watch Content */,
			);
			name = "Embed Watch Content";
			runOnlyForDeploymentPostprocessing = 0;
		};
/* End PBXCopyFilesBuildPhase section */

/* Begin PBXFileReference section */
		CE72F8442B7DCBBE00E13E4C /* KoalaWatch.app */ = {isa = PBXFileReference; explicitFileType = wrapper.application; includeInIndex = 0; path = KoalaWatch.app; sourceTree = BUILT_PRODUCTS_DIR; };
		CE72F8462B7DCBBE00E13E4C /* KoalaWatchApp.swift */ = {isa = PBXFileReference; lastKnownFileType = sourcecode.swift; path = KoalaWatchApp.swift; sourceTree = "<group>"; };
		CE72F8482B7DCBBE00E13E4C /* ContentView.swift */ = {isa = PBXFileReference; lastKnownFileType = sourcecode.swift; path = ContentView.swift; sourceTree = "<group>"; };
		CE72F84A2B7DCBBF00E13E4C /* Assets.xcassets */ = {isa = PBXFileReference; lastKnownFileType = folder.assetcatalog; path = Assets.xcassets; sourceTree = "<group>"; };
		CE72F84D2B7DCBBF00E13E4C /* Preview Assets.xcassets */ = {isa = PBXFileReference; lastKnownFileType = folder.assetcatalog; path = "Preview Assets.xcassets"; sourceTree = "<group>"; };
		CE72F8532B7DCBC000E13E4C /* KoalaWatchTests.xctest */ = {isa = PBXFileReference; explicitFileType = wrapper.cfbundle; includeInIndex = 0; path = KoalaWatchTests.xctest; sourceTree = BUILT_PRODUCTS_DIR; };
		CE72F8572B7DCBC000E13E4C /* KoalaWatchTests.swift */ = {isa = PBXFileReference; lastKnownFileType = sourcecode.swift; path = KoalaWatchTests.swift; sourceTree = "<group>"; };
		CE72F85D2B7DCBC000E13E4C /* KoalaWatchUITests.xctest */ = {isa = PBXFileReference; explicitFileType = wrapper.cfbundle; includeInIndex = 0; path = KoalaWatchUITests.xctest; sourceTree = BUILT_PRODUCTS_DIR; };
		CE72F8612B7DCBC000E13E4C /* KoalaWatchUITests.swift */ = {isa = PBXFileReference; lastKnownFileType = sourcecode.swift; path = KoalaWatchUITests.swift; sourceTree = "<group>"; };
		CE72F8632B7DCBC000E13E4C /* KoalaWatchUILaunchTests.swift */ = {isa = PBXFileReference; lastKnownFileType = sourcecode.swift; path = KoalaWatchUILaunchTests.swift; sourceTree = "<group>"; };
		CEF2C56E2B7DC2F30063592B /* Koala.app */ = {isa = PBXFileReference; explicitFileType = wrapper.application; includeInIndex = 0; path = Koala.app; sourceTree = BUILT_PRODUCTS_DIR; };
		CEF2C5712B7DC2F30063592B /* KoalaApp.swift */ = {isa = PBXFileReference; lastKnownFileType = sourcecode.swift; path = KoalaApp.swift; sourceTree = "<group>"; };
		CEF2C5732B7DC2F30063592B /* MainListView.swift */ = {isa = PBXFileReference; lastKnownFileType = sourcecode.swift; path = MainListView.swift; sourceTree = "<group>"; };
		CEF2C5752B7DC2F30063592B /* Item.swift */ = {isa = PBXFileReference; lastKnownFileType = sourcecode.swift; path = Item.swift; sourceTree = "<group>"; };
		CEF2C5772B7DC2F40063592B /* Assets.xcassets */ = {isa = PBXFileReference; lastKnownFileType = folder.assetcatalog; path = Assets.xcassets; sourceTree = "<group>"; };
		CEF2C5792B7DC2F40063592B /* Koala.entitlements */ = {isa = PBXFileReference; lastKnownFileType = text.plist.entitlements; path = Koala.entitlements; sourceTree = "<group>"; };
		CEF2C57B2B7DC2F40063592B /* Preview Assets.xcassets */ = {isa = PBXFileReference; lastKnownFileType = folder.assetcatalog; path = "Preview Assets.xcassets"; sourceTree = "<group>"; };
		CEF2C5812B7DC2F40063592B /* KoalaTests.xctest */ = {isa = PBXFileReference; explicitFileType = wrapper.cfbundle; includeInIndex = 0; path = KoalaTests.xctest; sourceTree = BUILT_PRODUCTS_DIR; };
		CEF2C5852B7DC2F40063592B /* KoalaTests.swift */ = {isa = PBXFileReference; lastKnownFileType = sourcecode.swift; path = KoalaTests.swift; sourceTree = "<group>"; };
		CEF2C58B2B7DC2F40063592B /* KoalaUITests.xctest */ = {isa = PBXFileReference; explicitFileType = wrapper.cfbundle; includeInIndex = 0; path = KoalaUITests.xctest; sourceTree = BUILT_PRODUCTS_DIR; };
		CEF2C58F2B7DC2F40063592B /* KoalaUITests.swift */ = {isa = PBXFileReference; lastKnownFileType = sourcecode.swift; path = KoalaUITests.swift; sourceTree = "<group>"; };
		CEF2C5912B7DC2F40063592B /* KoalaUITestsLaunchTests.swift */ = {isa = PBXFileReference; lastKnownFileType = sourcecode.swift; path = KoalaUITestsLaunchTests.swift; sourceTree = "<group>"; };
/* End PBXFileReference section */

/* Begin PBXFrameworksBuildPhase section */
		CE72F8412B7DCBBE00E13E4C /* Frameworks */ = {
			isa = PBXFrameworksBuildPhase;
			buildActionMask = 2147483647;
			files = (
			);
			runOnlyForDeploymentPostprocessing = 0;
		};
		CE72F8502B7DCBC000E13E4C /* Frameworks */ = {
			isa = PBXFrameworksBuildPhase;
			buildActionMask = 2147483647;
			files = (
			);
			runOnlyForDeploymentPostprocessing = 0;
		};
		CE72F85A2B7DCBC000E13E4C /* Frameworks */ = {
			isa = PBXFrameworksBuildPhase;
			buildActionMask = 2147483647;
			files = (
			);
			runOnlyForDeploymentPostprocessing = 0;
		};
		CEF2C56B2B7DC2F30063592B /* Frameworks */ = {
			isa = PBXFrameworksBuildPhase;
			buildActionMask = 2147483647;
			files = (
			);
			runOnlyForDeploymentPostprocessing = 0;
		};
		CEF2C57E2B7DC2F40063592B /* Frameworks */ = {
			isa = PBXFrameworksBuildPhase;
			buildActionMask = 2147483647;
			files = (
			);
			runOnlyForDeploymentPostprocessing = 0;
		};
		CEF2C5882B7DC2F40063592B /* Frameworks */ = {
			isa = PBXFrameworksBuildPhase;
			buildActionMask = 2147483647;
			files = (
			);
			runOnlyForDeploymentPostprocessing = 0;
		};
/* End PBXFrameworksBuildPhase section */

/* Begin PBXGroup section */
		CE72F8452B7DCBBE00E13E4C /* KoalaWatch */ = {
			isa = PBXGroup;
			children = (
				CE72F8462B7DCBBE00E13E4C /* KoalaWatchApp.swift */,
				CE72F8482B7DCBBE00E13E4C /* ContentView.swift */,
				CE72F84A2B7DCBBF00E13E4C /* Assets.xcassets */,
				CE72F84C2B7DCBBF00E13E4C /* Preview Content */,
			);
			path = KoalaWatch;
			sourceTree = "<group>";
		};
		CE72F84C2B7DCBBF00E13E4C /* Preview Content */ = {
			isa = PBXGroup;
			children = (
				CE72F84D2B7DCBBF00E13E4C /* Preview Assets.xcassets */,
			);
			path = "Preview Content";
			sourceTree = "<group>";
		};
		CE72F8562B7DCBC000E13E4C /* KoalaWatchTests */ = {
			isa = PBXGroup;
			children = (
				CE72F8572B7DCBC000E13E4C /* KoalaWatchTests.swift */,
			);
			path = KoalaWatchTests;
			sourceTree = "<group>";
		};
		CE72F8602B7DCBC000E13E4C /* KoalaWatchUITests */ = {
			isa = PBXGroup;
			children = (
				CE72F8612B7DCBC000E13E4C /* KoalaWatchUITests.swift */,
				CE72F8632B7DCBC000E13E4C /* KoalaWatchUILaunchTests.swift */,
			);
			path = KoalaWatchUITests;
			sourceTree = "<group>";
		};
		CEF2C5652B7DC2F30063592B = {
			isa = PBXGroup;
			children = (
				CEF2C5702B7DC2F30063592B /* Koala */,
				CEF2C5842B7DC2F40063592B /* KoalaTests */,
				CEF2C58E2B7DC2F40063592B /* KoalaUITests */,
				CE72F8452B7DCBBE00E13E4C /* KoalaWatch */,
				CE72F8562B7DCBC000E13E4C /* KoalaWatchTests */,
				CE72F8602B7DCBC000E13E4C /* KoalaWatchUITests */,
				CEF2C56F2B7DC2F30063592B /* Products */,
			);
			sourceTree = "<group>";
		};
		CEF2C56F2B7DC2F30063592B /* Products */ = {
			isa = PBXGroup;
			children = (
				CEF2C56E2B7DC2F30063592B /* Koala.app */,
				CEF2C5812B7DC2F40063592B /* KoalaTests.xctest */,
				CEF2C58B2B7DC2F40063592B /* KoalaUITests.xctest */,
				CE72F8442B7DCBBE00E13E4C /* KoalaWatch.app */,
				CE72F8532B7DCBC000E13E4C /* KoalaWatchTests.xctest */,
				CE72F85D2B7DCBC000E13E4C /* KoalaWatchUITests.xctest */,
			);
			name = Products;
			sourceTree = "<group>";
		};
		CEF2C5702B7DC2F30063592B /* Koala */ = {
			isa = PBXGroup;
			children = (
				CEF2C5712B7DC2F30063592B /* KoalaApp.swift */,
				CEF2C5732B7DC2F30063592B /* MainListView.swift */,
				CEF2C5752B7DC2F30063592B /* Item.swift */,
				CEF2C5772B7DC2F40063592B /* Assets.xcassets */,
				CEF2C5792B7DC2F40063592B /* Koala.entitlements */,
				CEF2C57A2B7DC2F40063592B /* Preview Content */,
			);
			path = Koala;
			sourceTree = "<group>";
		};
		CEF2C57A2B7DC2F40063592B /* Preview Content */ = {
			isa = PBXGroup;
			children = (
				CEF2C57B2B7DC2F40063592B /* Preview Assets.xcassets */,
			);
			path = "Preview Content";
			sourceTree = "<group>";
		};
		CEF2C5842B7DC2F40063592B /* KoalaTests */ = {
			isa = PBXGroup;
			children = (
				CEF2C5852B7DC2F40063592B /* KoalaTests.swift */,
			);
			path = KoalaTests;
			sourceTree = "<group>";
		};
		CEF2C58E2B7DC2F40063592B /* KoalaUITests */ = {
			isa = PBXGroup;
			children = (
				CEF2C58F2B7DC2F40063592B /* KoalaUITests.swift */,
				CEF2C5912B7DC2F40063592B /* KoalaUITestsLaunchTests.swift */,
			);
			path = KoalaUITests;
			sourceTree = "<group>";
		};
/* End PBXGroup section */

/* Begin PBXNativeTarget section */
		CE72F8432B7DCBBE00E13E4C /* KoalaWatch */ = {
			isa = PBXNativeTarget;
			buildConfigurationList = CE72F86F2B7DCBC000E13E4C /* Build configuration list for PBXNativeTarget "KoalaWatch" */;
			buildPhases = (
				CE72F8402B7DCBBE00E13E4C /* Sources */,
				CE72F8412B7DCBBE00E13E4C /* Frameworks */,
				CE72F8422B7DCBBE00E13E4C /* Resources */,
			);
			buildRules = (
			);
			dependencies = (
			);
			name = KoalaWatch;
			productName = "KoalaWatch Watch App";
			productReference = CE72F8442B7DCBBE00E13E4C /* KoalaWatch.app */;
			productType = "com.apple.product-type.application";
		};
		CE72F8522B7DCBC000E13E4C /* KoalaWatchTests */ = {
			isa = PBXNativeTarget;
			buildConfigurationList = CE72F8702B7DCBC000E13E4C /* Build configuration list for PBXNativeTarget "KoalaWatchTests" */;
			buildPhases = (
				CE72F84F2B7DCBC000E13E4C /* Sources */,
				CE72F8502B7DCBC000E13E4C /* Frameworks */,
				CE72F8512B7DCBC000E13E4C /* Resources */,
			);
			buildRules = (
			);
			dependencies = (
				CE72F8552B7DCBC000E13E4C /* PBXTargetDependency */,
			);
			name = KoalaWatchTests;
			productName = "KoalaWatch Watch AppTests";
			productReference = CE72F8532B7DCBC000E13E4C /* KoalaWatchTests.xctest */;
			productType = "com.apple.product-type.bundle.unit-test";
		};
		CE72F85C2B7DCBC000E13E4C /* KoalaWatchUITests */ = {
			isa = PBXNativeTarget;
			buildConfigurationList = CE72F8712B7DCBC000E13E4C /* Build configuration list for PBXNativeTarget "KoalaWatchUITests" */;
			buildPhases = (
				CE72F8592B7DCBC000E13E4C /* Sources */,
				CE72F85A2B7DCBC000E13E4C /* Frameworks */,
				CE72F85B2B7DCBC000E13E4C /* Resources */,
			);
			buildRules = (
			);
			dependencies = (
				CE72F85F2B7DCBC000E13E4C /* PBXTargetDependency */,
			);
			name = KoalaWatchUITests;
			productName = "KoalaWatch Watch AppUITests";
			productReference = CE72F85D2B7DCBC000E13E4C /* KoalaWatchUITests.xctest */;
			productType = "com.apple.product-type.bundle.ui-testing";
		};
		CEF2C56D2B7DC2F30063592B /* Koala */ = {
			isa = PBXNativeTarget;
			buildConfigurationList = CEF2C5952B7DC2F40063592B /* Build configuration list for PBXNativeTarget "Koala" */;
			buildPhases = (
				CEF2C56A2B7DC2F30063592B /* Sources */,
				CEF2C56B2B7DC2F30063592B /* Frameworks */,
				CEF2C56C2B7DC2F30063592B /* Resources */,
				CE72F8682B7DCBC000E13E4C /* Embed Watch Content */,
			);
			buildRules = (
			);
			dependencies = (
				CE72F8662B7DCBC000E13E4C /* PBXTargetDependency */,
			);
			name = Koala;
			productName = Koala;
			productReference = CEF2C56E2B7DC2F30063592B /* Koala.app */;
			productType = "com.apple.product-type.application";
		};
		CEF2C5802B7DC2F40063592B /* KoalaTests */ = {
			isa = PBXNativeTarget;
			buildConfigurationList = CEF2C5982B7DC2F40063592B /* Build configuration list for PBXNativeTarget "KoalaTests" */;
			buildPhases = (
				CEF2C57D2B7DC2F40063592B /* Sources */,
				CEF2C57E2B7DC2F40063592B /* Frameworks */,
				CEF2C57F2B7DC2F40063592B /* Resources */,
			);
			buildRules = (
			);
			dependencies = (
				CEF2C5832B7DC2F40063592B /* PBXTargetDependency */,
			);
			name = KoalaTests;
			productName = KoalaTests;
			productReference = CEF2C5812B7DC2F40063592B /* KoalaTests.xctest */;
			productType = "com.apple.product-type.bundle.unit-test";
		};
		CEF2C58A2B7DC2F40063592B /* KoalaUITests */ = {
			isa = PBXNativeTarget;
			buildConfigurationList = CEF2C59B2B7DC2F40063592B /* Build configuration list for PBXNativeTarget "KoalaUITests" */;
			buildPhases = (
				CEF2C5872B7DC2F40063592B /* Sources */,
				CEF2C5882B7DC2F40063592B /* Frameworks */,
				CEF2C5892B7DC2F40063592B /* Resources */,
			);
			buildRules = (
			);
			dependencies = (
				CEF2C58D2B7DC2F40063592B /* PBXTargetDependency */,
			);
			name = KoalaUITests;
			productName = KoalaUITests;
			productReference = CEF2C58B2B7DC2F40063592B /* KoalaUITests.xctest */;
			productType = "com.apple.product-type.bundle.ui-testing";
		};
/* End PBXNativeTarget section */

/* Begin PBXProject section */
		CEF2C5662B7DC2F30063592B /* Project object */ = {
			isa = PBXProject;
			attributes = {
				BuildIndependentTargetsInParallel = 1;
				LastSwiftUpdateCheck = 1520;
				LastUpgradeCheck = 1520;
				TargetAttributes = {
					CE72F8432B7DCBBE00E13E4C = {
						CreatedOnToolsVersion = 15.2;
					};
					CE72F8522B7DCBC000E13E4C = {
						CreatedOnToolsVersion = 15.2;
						TestTargetID = CE72F8432B7DCBBE00E13E4C;
					};
					CE72F85C2B7DCBC000E13E4C = {
						CreatedOnToolsVersion = 15.2;
						TestTargetID = CE72F8432B7DCBBE00E13E4C;
					};
					CEF2C56D2B7DC2F30063592B = {
						CreatedOnToolsVersion = 15.0;
					};
					CEF2C5802B7DC2F40063592B = {
						CreatedOnToolsVersion = 15.0;
						TestTargetID = CEF2C56D2B7DC2F30063592B;
					};
					CEF2C58A2B7DC2F40063592B = {
						CreatedOnToolsVersion = 15.0;
						TestTargetID = CEF2C56D2B7DC2F30063592B;
					};
				};
			};
			buildConfigurationList = CEF2C5692B7DC2F30063592B /* Build configuration list for PBXProject "Koala" */;
			compatibilityVersion = "Xcode 14.0";
			developmentRegion = en;
			hasScannedForEncodings = 0;
			knownRegions = (
				en,
				Base,
			);
			mainGroup = CEF2C5652B7DC2F30063592B;
			productRefGroup = CEF2C56F2B7DC2F30063592B /* Products */;
			projectDirPath = "";
			projectRoot = "";
			targets = (
				CEF2C56D2B7DC2F30063592B /* Koala */,
				CEF2C5802B7DC2F40063592B /* KoalaTests */,
				CEF2C58A2B7DC2F40063592B /* KoalaUITests */,
				CE72F8432B7DCBBE00E13E4C /* KoalaWatch */,
				CE72F8522B7DCBC000E13E4C /* KoalaWatchTests */,
				CE72F85C2B7DCBC000E13E4C /* KoalaWatchUITests */,
			);
		};
/* End PBXProject section */

/* Begin PBXResourcesBuildPhase section */
		CE72F8422B7DCBBE00E13E4C /* Resources */ = {
			isa = PBXResourcesBuildPhase;
			buildActionMask = 2147483647;
			files = (
				CE72F84E2B7DCBBF00E13E4C /* Preview Assets.xcassets in Resources */,
				CE72F84B2B7DCBBF00E13E4C /* Assets.xcassets in Resources */,
			);
			runOnlyForDeploymentPostprocessing = 0;
		};
		CE72F8512B7DCBC000E13E4C /* Resources */ = {
			isa = PBXResourcesBuildPhase;
			buildActionMask = 2147483647;
			files = (
			);
			runOnlyForDeploymentPostprocessing = 0;
		};
		CE72F85B2B7DCBC000E13E4C /* Resources */ = {
			isa = PBXResourcesBuildPhase;
			buildActionMask = 2147483647;
			files = (
			);
			runOnlyForDeploymentPostprocessing = 0;
		};
		CEF2C56C2B7DC2F30063592B /* Resources */ = {
			isa = PBXResourcesBuildPhase;
			buildActionMask = 2147483647;
			files = (
				CEF2C57C2B7DC2F40063592B /* Preview Assets.xcassets in Resources */,
				CEF2C5782B7DC2F40063592B /* Assets.xcassets in Resources */,
			);
			runOnlyForDeploymentPostprocessing = 0;
		};
		CEF2C57F2B7DC2F40063592B /* Resources */ = {
			isa = PBXResourcesBuildPhase;
			buildActionMask = 2147483647;
			files = (
			);
			runOnlyForDeploymentPostprocessing = 0;
		};
		CEF2C5892B7DC2F40063592B /* Resources */ = {
			isa = PBXResourcesBuildPhase;
			buildActionMask = 2147483647;
			files = (
			);
			runOnlyForDeploymentPostprocessing = 0;
		};
/* End PBXResourcesBuildPhase section */

/* Begin PBXSourcesBuildPhase section */
		CE72F8402B7DCBBE00E13E4C /* Sources */ = {
			isa = PBXSourcesBuildPhase;
			buildActionMask = 2147483647;
			files = (
				CE72F8492B7DCBBE00E13E4C /* ContentView.swift in Sources */,
				CE72F8472B7DCBBE00E13E4C /* KoalaWatchApp.swift in Sources */,
			);
			runOnlyForDeploymentPostprocessing = 0;
		};
		CE72F84F2B7DCBC000E13E4C /* Sources */ = {
			isa = PBXSourcesBuildPhase;
			buildActionMask = 2147483647;
			files = (
				CE72F8582B7DCBC000E13E4C /* KoalaWatchTests.swift in Sources */,
			);
			runOnlyForDeploymentPostprocessing = 0;
		};
		CE72F8592B7DCBC000E13E4C /* Sources */ = {
			isa = PBXSourcesBuildPhase;
			buildActionMask = 2147483647;
			files = (
				CE72F8622B7DCBC000E13E4C /* KoalaWatchUITests.swift in Sources */,
				CE72F8642B7DCBC000E13E4C /* KoalaWatchUILaunchTests.swift in Sources */,
			);
			runOnlyForDeploymentPostprocessing = 0;
		};
		CEF2C56A2B7DC2F30063592B /* Sources */ = {
			isa = PBXSourcesBuildPhase;
			buildActionMask = 2147483647;
			files = (
				CEF2C5742B7DC2F30063592B /* MainListView.swift in Sources */,
				CEF2C5762B7DC2F30063592B /* Item.swift in Sources */,
				CEF2C5722B7DC2F30063592B /* KoalaApp.swift in Sources */,
			);
			runOnlyForDeploymentPostprocessing = 0;
		};
		CEF2C57D2B7DC2F40063592B /* Sources */ = {
			isa = PBXSourcesBuildPhase;
			buildActionMask = 2147483647;
			files = (
				CEF2C5862B7DC2F40063592B /* KoalaTests.swift in Sources */,
			);
			runOnlyForDeploymentPostprocessing = 0;
		};
		CEF2C5872B7DC2F40063592B /* Sources */ = {
			isa = PBXSourcesBuildPhase;
			buildActionMask = 2147483647;
			files = (
				CEF2C5902B7DC2F40063592B /* KoalaUITests.swift in Sources */,
				CEF2C5922B7DC2F40063592B /* KoalaUITestsLaunchTests.swift in Sources */,
			);
			runOnlyForDeploymentPostprocessing = 0;
		};
/* End PBXSourcesBuildPhase section */

/* Begin PBXTargetDependency section */
		CE72F8552B7DCBC000E13E4C /* PBXTargetDependency */ = {
			isa = PBXTargetDependency;
			target = CE72F8432B7DCBBE00E13E4C /* KoalaWatch */;
			targetProxy = CE72F8542B7DCBC000E13E4C /* PBXContainerItemProxy */;
		};
		CE72F85F2B7DCBC000E13E4C /* PBXTargetDependency */ = {
			isa = PBXTargetDependency;
			target = CE72F8432B7DCBBE00E13E4C /* KoalaWatch */;
			targetProxy = CE72F85E2B7DCBC000E13E4C /* PBXContainerItemProxy */;
		};
		CE72F8662B7DCBC000E13E4C /* PBXTargetDependency */ = {
			isa = PBXTargetDependency;
			platformFilter = ios;
			target = CE72F8432B7DCBBE00E13E4C /* KoalaWatch */;
			targetProxy = CE72F8652B7DCBC000E13E4C /* PBXContainerItemProxy */;
		};
		CEF2C5832B7DC2F40063592B /* PBXTargetDependency */ = {
			isa = PBXTargetDependency;
			target = CEF2C56D2B7DC2F30063592B /* Koala */;
			targetProxy = CEF2C5822B7DC2F40063592B /* PBXContainerItemProxy */;
		};
		CEF2C58D2B7DC2F40063592B /* PBXTargetDependency */ = {
			isa = PBXTargetDependency;
			target = CEF2C56D2B7DC2F30063592B /* Koala */;
			targetProxy = CEF2C58C2B7DC2F40063592B /* PBXContainerItemProxy */;
		};
/* End PBXTargetDependency section */

/* Begin XCBuildConfiguration section */
		CE72F8692B7DCBC000E13E4C /* Debug */ = {
			isa = XCBuildConfiguration;
			buildSettings = {
				ASSETCATALOG_COMPILER_APPICON_NAME = AppIcon;
				ASSETCATALOG_COMPILER_GLOBAL_ACCENT_COLOR_NAME = AccentColor;
				CODE_SIGN_STYLE = Automatic;
				CURRENT_PROJECT_VERSION = 1;
				DEVELOPMENT_ASSET_PATHS = "\"KoalaWatch/Preview Content\"";
				DEVELOPMENT_TEAM = 86QLG35ZLT;
				ENABLE_PREVIEWS = YES;
				GENERATE_INFOPLIST_FILE = YES;
				INFOPLIST_KEY_CFBundleDisplayName = KoalaWatch;
				INFOPLIST_KEY_UISupportedInterfaceOrientations = "UIInterfaceOrientationPortrait UIInterfaceOrientationPortraitUpsideDown";
				INFOPLIST_KEY_WKCompanionAppBundleIdentifier = com.wansook.Koala;
				LD_RUNPATH_SEARCH_PATHS = (
					"$(inherited)",
					"@executable_path/Frameworks",
				);
				MARKETING_VERSION = 1.0;
				PRODUCT_BUNDLE_IDENTIFIER = com.wansook.Koala.watchkitapp;
				PRODUCT_NAME = "$(TARGET_NAME)";
				SDKROOT = watchos;
				SKIP_INSTALL = YES;
				SWIFT_EMIT_LOC_STRINGS = YES;
				SWIFT_VERSION = 5.0;
				TARGETED_DEVICE_FAMILY = 4;
				WATCHOS_DEPLOYMENT_TARGET = 10.2;
			};
			name = Debug;
		};
		CE72F86A2B7DCBC000E13E4C /* Release */ = {
			isa = XCBuildConfiguration;
			buildSettings = {
				ASSETCATALOG_COMPILER_APPICON_NAME = AppIcon;
				ASSETCATALOG_COMPILER_GLOBAL_ACCENT_COLOR_NAME = AccentColor;
				CODE_SIGN_STYLE = Automatic;
				CURRENT_PROJECT_VERSION = 1;
				DEVELOPMENT_ASSET_PATHS = "\"KoalaWatch/Preview Content\"";
				DEVELOPMENT_TEAM = 86QLG35ZLT;
				ENABLE_PREVIEWS = YES;
				GENERATE_INFOPLIST_FILE = YES;
				INFOPLIST_KEY_CFBundleDisplayName = KoalaWatch;
				INFOPLIST_KEY_UISupportedInterfaceOrientations = "UIInterfaceOrientationPortrait UIInterfaceOrientationPortraitUpsideDown";
				INFOPLIST_KEY_WKCompanionAppBundleIdentifier = com.wansook.Koala;
				LD_RUNPATH_SEARCH_PATHS = (
					"$(inherited)",
					"@executable_path/Frameworks",
				);
				MARKETING_VERSION = 1.0;
				PRODUCT_BUNDLE_IDENTIFIER = com.wansook.Koala.watchkitapp;
				PRODUCT_NAME = "$(TARGET_NAME)";
				SDKROOT = watchos;
				SKIP_INSTALL = YES;
				SWIFT_EMIT_LOC_STRINGS = YES;
				SWIFT_VERSION = 5.0;
				TARGETED_DEVICE_FAMILY = 4;
				VALIDATE_PRODUCT = YES;
				WATCHOS_DEPLOYMENT_TARGET = 10.2;
			};
			name = Release;
		};
		CE72F86B2B7DCBC000E13E4C /* Debug */ = {
			isa = XCBuildConfiguration;
			buildSettings = {
				ALWAYS_EMBED_SWIFT_STANDARD_LIBRARIES = YES;
				BUNDLE_LOADER = "$(TEST_HOST)";
				CODE_SIGN_STYLE = Automatic;
				CURRENT_PROJECT_VERSION = 1;
				GENERATE_INFOPLIST_FILE = YES;
				MARKETING_VERSION = 1.0;
				PRODUCT_BUNDLE_IDENTIFIER = "com.wansook.KoalaWatch-Watch-AppTests";
				PRODUCT_NAME = "$(TARGET_NAME)";
				SDKROOT = watchos;
				SWIFT_EMIT_LOC_STRINGS = NO;
				SWIFT_VERSION = 5.0;
				TARGETED_DEVICE_FAMILY = 4;
				TEST_HOST = "$(BUILT_PRODUCTS_DIR)/KoalaWatch Watch App.app/$(BUNDLE_EXECUTABLE_FOLDER_PATH)/KoalaWatch Watch App";
				WATCHOS_DEPLOYMENT_TARGET = 10.2;
			};
			name = Debug;
		};
		CE72F86C2B7DCBC000E13E4C /* Release */ = {
			isa = XCBuildConfiguration;
			buildSettings = {
				ALWAYS_EMBED_SWIFT_STANDARD_LIBRARIES = YES;
				BUNDLE_LOADER = "$(TEST_HOST)";
				CODE_SIGN_STYLE = Automatic;
				CURRENT_PROJECT_VERSION = 1;
				GENERATE_INFOPLIST_FILE = YES;
				MARKETING_VERSION = 1.0;
				PRODUCT_BUNDLE_IDENTIFIER = "com.wansook.KoalaWatch-Watch-AppTests";
				PRODUCT_NAME = "$(TARGET_NAME)";
				SDKROOT = watchos;
				SWIFT_EMIT_LOC_STRINGS = NO;
				SWIFT_VERSION = 5.0;
				TARGETED_DEVICE_FAMILY = 4;
				TEST_HOST = "$(BUILT_PRODUCTS_DIR)/KoalaWatch Watch App.app/$(BUNDLE_EXECUTABLE_FOLDER_PATH)/KoalaWatch Watch App";
				VALIDATE_PRODUCT = YES;
				WATCHOS_DEPLOYMENT_TARGET = 10.2;
			};
			name = Release;
		};
		CE72F86D2B7DCBC000E13E4C /* Debug */ = {
			isa = XCBuildConfiguration;
			buildSettings = {
				ALWAYS_EMBED_SWIFT_STANDARD_LIBRARIES = YES;
				CODE_SIGN_STYLE = Automatic;
				CURRENT_PROJECT_VERSION = 1;
				GENERATE_INFOPLIST_FILE = YES;
				MARKETING_VERSION = 1.0;
				PRODUCT_BUNDLE_IDENTIFIER = "com.wansook.KoalaWatch-Watch-AppUITests";
				PRODUCT_NAME = "$(TARGET_NAME)";
				SDKROOT = watchos;
				SWIFT_EMIT_LOC_STRINGS = NO;
				SWIFT_VERSION = 5.0;
				TARGETED_DEVICE_FAMILY = 4;
				TEST_TARGET_NAME = "KoalaWatch Watch App";
				WATCHOS_DEPLOYMENT_TARGET = 10.2;
			};
			name = Debug;
		};
		CE72F86E2B7DCBC000E13E4C /* Release */ = {
			isa = XCBuildConfiguration;
			buildSettings = {
				ALWAYS_EMBED_SWIFT_STANDARD_LIBRARIES = YES;
				CODE_SIGN_STYLE = Automatic;
				CURRENT_PROJECT_VERSION = 1;
				GENERATE_INFOPLIST_FILE = YES;
				MARKETING_VERSION = 1.0;
				PRODUCT_BUNDLE_IDENTIFIER = "com.wansook.KoalaWatch-Watch-AppUITests";
				PRODUCT_NAME = "$(TARGET_NAME)";
				SDKROOT = watchos;
				SWIFT_EMIT_LOC_STRINGS = NO;
				SWIFT_VERSION = 5.0;
				TARGETED_DEVICE_FAMILY = 4;
				TEST_TARGET_NAME = "KoalaWatch Watch App";
				VALIDATE_PRODUCT = YES;
				WATCHOS_DEPLOYMENT_TARGET = 10.2;
			};
			name = Release;
		};
		CEF2C5932B7DC2F40063592B /* Debug */ = {
			isa = XCBuildConfiguration;
			buildSettings = {
				ALWAYS_SEARCH_USER_PATHS = NO;
				ASSETCATALOG_COMPILER_GENERATE_SWIFT_ASSET_SYMBOL_EXTENSIONS = YES;
				CLANG_ANALYZER_NONNULL = YES;
				CLANG_ANALYZER_NUMBER_OBJECT_CONVERSION = YES_AGGRESSIVE;
				CLANG_CXX_LANGUAGE_STANDARD = "gnu++20";
				CLANG_ENABLE_MODULES = YES;
				CLANG_ENABLE_OBJC_ARC = YES;
				CLANG_ENABLE_OBJC_WEAK = YES;
				CLANG_WARN_BLOCK_CAPTURE_AUTORELEASING = YES;
				CLANG_WARN_BOOL_CONVERSION = YES;
				CLANG_WARN_COMMA = YES;
				CLANG_WARN_CONSTANT_CONVERSION = YES;
				CLANG_WARN_DEPRECATED_OBJC_IMPLEMENTATIONS = YES;
				CLANG_WARN_DIRECT_OBJC_ISA_USAGE = YES_ERROR;
				CLANG_WARN_DOCUMENTATION_COMMENTS = YES;
				CLANG_WARN_EMPTY_BODY = YES;
				CLANG_WARN_ENUM_CONVERSION = YES;
				CLANG_WARN_INFINITE_RECURSION = YES;
				CLANG_WARN_INT_CONVERSION = YES;
				CLANG_WARN_NON_LITERAL_NULL_CONVERSION = YES;
				CLANG_WARN_OBJC_IMPLICIT_RETAIN_SELF = YES;
				CLANG_WARN_OBJC_LITERAL_CONVERSION = YES;
				CLANG_WARN_OBJC_ROOT_CLASS = YES_ERROR;
				CLANG_WARN_QUOTED_INCLUDE_IN_FRAMEWORK_HEADER = YES;
				CLANG_WARN_RANGE_LOOP_ANALYSIS = YES;
				CLANG_WARN_STRICT_PROTOTYPES = YES;
				CLANG_WARN_SUSPICIOUS_MOVE = YES;
				CLANG_WARN_UNGUARDED_AVAILABILITY = YES_AGGRESSIVE;
				CLANG_WARN_UNREACHABLE_CODE = YES;
				CLANG_WARN__DUPLICATE_METHOD_MATCH = YES;
				COPY_PHASE_STRIP = NO;
				DEAD_CODE_STRIPPING = YES;
				DEBUG_INFORMATION_FORMAT = dwarf;
				ENABLE_STRICT_OBJC_MSGSEND = YES;
				ENABLE_TESTABILITY = YES;
				ENABLE_USER_SCRIPT_SANDBOXING = YES;
				GCC_C_LANGUAGE_STANDARD = gnu17;
				GCC_DYNAMIC_NO_PIC = NO;
				GCC_NO_COMMON_BLOCKS = YES;
				GCC_OPTIMIZATION_LEVEL = 0;
				GCC_PREPROCESSOR_DEFINITIONS = (
					"DEBUG=1",
					"$(inherited)",
				);
				GCC_WARN_64_TO_32_BIT_CONVERSION = YES;
				GCC_WARN_ABOUT_RETURN_TYPE = YES_ERROR;
				GCC_WARN_UNDECLARED_SELECTOR = YES;
				GCC_WARN_UNINITIALIZED_AUTOS = YES_AGGRESSIVE;
				GCC_WARN_UNUSED_FUNCTION = YES;
				GCC_WARN_UNUSED_VARIABLE = YES;
				LOCALIZATION_PREFERS_STRING_CATALOGS = YES;
				MTL_ENABLE_DEBUG_INFO = INCLUDE_SOURCE;
				MTL_FAST_MATH = YES;
				ONLY_ACTIVE_ARCH = YES;
				SWIFT_ACTIVE_COMPILATION_CONDITIONS = "DEBUG $(inherited)";
				SWIFT_OPTIMIZATION_LEVEL = "-Onone";
			};
			name = Debug;
		};
		CEF2C5942B7DC2F40063592B /* Release */ = {
			isa = XCBuildConfiguration;
			buildSettings = {
				ALWAYS_SEARCH_USER_PATHS = NO;
				ASSETCATALOG_COMPILER_GENERATE_SWIFT_ASSET_SYMBOL_EXTENSIONS = YES;
				CLANG_ANALYZER_NONNULL = YES;
				CLANG_ANALYZER_NUMBER_OBJECT_CONVERSION = YES_AGGRESSIVE;
				CLANG_CXX_LANGUAGE_STANDARD = "gnu++20";
				CLANG_ENABLE_MODULES = YES;
				CLANG_ENABLE_OBJC_ARC = YES;
				CLANG_ENABLE_OBJC_WEAK = YES;
				CLANG_WARN_BLOCK_CAPTURE_AUTORELEASING = YES;
				CLANG_WARN_BOOL_CONVERSION = YES;
				CLANG_WARN_COMMA = YES;
				CLANG_WARN_CONSTANT_CONVERSION = YES;
				CLANG_WARN_DEPRECATED_OBJC_IMPLEMENTATIONS = YES;
				CLANG_WARN_DIRECT_OBJC_ISA_USAGE = YES_ERROR;
				CLANG_WARN_DOCUMENTATION_COMMENTS = YES;
				CLANG_WARN_EMPTY_BODY = YES;
				CLANG_WARN_ENUM_CONVERSION = YES;
				CLANG_WARN_INFINITE_RECURSION = YES;
				CLANG_WARN_INT_CONVERSION = YES;
				CLANG_WARN_NON_LITERAL_NULL_CONVERSION = YES;
				CLANG_WARN_OBJC_IMPLICIT_RETAIN_SELF = YES;
				CLANG_WARN_OBJC_LITERAL_CONVERSION = YES;
				CLANG_WARN_OBJC_ROOT_CLASS = YES_ERROR;
				CLANG_WARN_QUOTED_INCLUDE_IN_FRAMEWORK_HEADER = YES;
				CLANG_WARN_RANGE_LOOP_ANALYSIS = YES;
				CLANG_WARN_STRICT_PROTOTYPES = YES;
				CLANG_WARN_SUSPICIOUS_MOVE = YES;
				CLANG_WARN_UNGUARDED_AVAILABILITY = YES_AGGRESSIVE;
				CLANG_WARN_UNREACHABLE_CODE = YES;
				CLANG_WARN__DUPLICATE_METHOD_MATCH = YES;
				COPY_PHASE_STRIP = NO;
				DEAD_CODE_STRIPPING = YES;
				DEBUG_INFORMATION_FORMAT = "dwarf-with-dsym";
				ENABLE_NS_ASSERTIONS = NO;
				ENABLE_STRICT_OBJC_MSGSEND = YES;
				ENABLE_USER_SCRIPT_SANDBOXING = YES;
				GCC_C_LANGUAGE_STANDARD = gnu17;
				GCC_NO_COMMON_BLOCKS = YES;
				GCC_WARN_64_TO_32_BIT_CONVERSION = YES;
				GCC_WARN_ABOUT_RETURN_TYPE = YES_ERROR;
				GCC_WARN_UNDECLARED_SELECTOR = YES;
				GCC_WARN_UNINITIALIZED_AUTOS = YES_AGGRESSIVE;
				GCC_WARN_UNUSED_FUNCTION = YES;
				GCC_WARN_UNUSED_VARIABLE = YES;
				LOCALIZATION_PREFERS_STRING_CATALOGS = YES;
				MTL_ENABLE_DEBUG_INFO = NO;
				MTL_FAST_MATH = YES;
				SWIFT_COMPILATION_MODE = wholemodule;
			};
			name = Release;
		};
		CEF2C5962B7DC2F40063592B /* Debug */ = {
			isa = XCBuildConfiguration;
			buildSettings = {
				ALWAYS_EMBED_SWIFT_STANDARD_LIBRARIES = YES;
				ASSETCATALOG_COMPILER_APPICON_NAME = AppIcon;
				ASSETCATALOG_COMPILER_GLOBAL_ACCENT_COLOR_NAME = AccentColor;
				CODE_SIGN_ENTITLEMENTS = Koala/Koala.entitlements;
				CODE_SIGN_STYLE = Automatic;
				CURRENT_PROJECT_VERSION = 1;
				DEAD_CODE_STRIPPING = YES;
				DEVELOPMENT_ASSET_PATHS = "\"Koala/Preview Content\"";
				DEVELOPMENT_TEAM = 86QLG35ZLT;
				ENABLE_PREVIEWS = YES;
				GENERATE_INFOPLIST_FILE = YES;
				"INFOPLIST_KEY_UIApplicationSceneManifest_Generation[sdk=iphoneos*]" = YES;
				"INFOPLIST_KEY_UIApplicationSceneManifest_Generation[sdk=iphonesimulator*]" = YES;
				"INFOPLIST_KEY_UIApplicationSupportsIndirectInputEvents[sdk=iphoneos*]" = YES;
				"INFOPLIST_KEY_UIApplicationSupportsIndirectInputEvents[sdk=iphonesimulator*]" = YES;
				"INFOPLIST_KEY_UILaunchScreen_Generation[sdk=iphoneos*]" = YES;
				"INFOPLIST_KEY_UILaunchScreen_Generation[sdk=iphonesimulator*]" = YES;
				"INFOPLIST_KEY_UIStatusBarStyle[sdk=iphoneos*]" = UIStatusBarStyleDefault;
				"INFOPLIST_KEY_UIStatusBarStyle[sdk=iphonesimulator*]" = UIStatusBarStyleDefault;
				INFOPLIST_KEY_UISupportedInterfaceOrientations_iPad = "UIInterfaceOrientationPortrait UIInterfaceOrientationPortraitUpsideDown UIInterfaceOrientationLandscapeLeft UIInterfaceOrientationLandscapeRight";
				INFOPLIST_KEY_UISupportedInterfaceOrientations_iPhone = "UIInterfaceOrientationPortrait UIInterfaceOrientationLandscapeLeft UIInterfaceOrientationLandscapeRight";
				IPHONEOS_DEPLOYMENT_TARGET = 17.0;
				LD_RUNPATH_SEARCH_PATHS = "@executable_path/Frameworks";
				"LD_RUNPATH_SEARCH_PATHS[sdk=macosx*]" = "@executable_path/../Frameworks";
				MACOSX_DEPLOYMENT_TARGET = 14.0;
				MARKETING_VERSION = 1.0;
				PRODUCT_BUNDLE_IDENTIFIER = com.wansook.Koala;
				PRODUCT_NAME = "$(TARGET_NAME)";
				SDKROOT = auto;
				SUPPORTED_PLATFORMS = "iphoneos iphonesimulator macosx xros xrsimulator";
				SUPPORTS_MACCATALYST = NO;
				SWIFT_EMIT_LOC_STRINGS = YES;
				SWIFT_VERSION = 5.0;
				TARGETED_DEVICE_FAMILY = "1,2,7";
			};
			name = Debug;
		};
		CEF2C5972B7DC2F40063592B /* Release */ = {
			isa = XCBuildConfiguration;
			buildSettings = {
				ALWAYS_EMBED_SWIFT_STANDARD_LIBRARIES = YES;
				ASSETCATALOG_COMPILER_APPICON_NAME = AppIcon;
				ASSETCATALOG_COMPILER_GLOBAL_ACCENT_COLOR_NAME = AccentColor;
				CODE_SIGN_ENTITLEMENTS = Koala/Koala.entitlements;
				CODE_SIGN_STYLE = Automatic;
				CURRENT_PROJECT_VERSION = 1;
				DEAD_CODE_STRIPPING = YES;
				DEVELOPMENT_ASSET_PATHS = "\"Koala/Preview Content\"";
				DEVELOPMENT_TEAM = 86QLG35ZLT;
				ENABLE_PREVIEWS = YES;
				GENERATE_INFOPLIST_FILE = YES;
				"INFOPLIST_KEY_UIApplicationSceneManifest_Generation[sdk=iphoneos*]" = YES;
				"INFOPLIST_KEY_UIApplicationSceneManifest_Generation[sdk=iphonesimulator*]" = YES;
				"INFOPLIST_KEY_UIApplicationSupportsIndirectInputEvents[sdk=iphoneos*]" = YES;
				"INFOPLIST_KEY_UIApplicationSupportsIndirectInputEvents[sdk=iphonesimulator*]" = YES;
				"INFOPLIST_KEY_UILaunchScreen_Generation[sdk=iphoneos*]" = YES;
				"INFOPLIST_KEY_UILaunchScreen_Generation[sdk=iphonesimulator*]" = YES;
				"INFOPLIST_KEY_UIStatusBarStyle[sdk=iphoneos*]" = UIStatusBarStyleDefault;
				"INFOPLIST_KEY_UIStatusBarStyle[sdk=iphonesimulator*]" = UIStatusBarStyleDefault;
				INFOPLIST_KEY_UISupportedInterfaceOrientations_iPad = "UIInterfaceOrientationPortrait UIInterfaceOrientationPortraitUpsideDown UIInterfaceOrientationLandscapeLeft UIInterfaceOrientationLandscapeRight";
				INFOPLIST_KEY_UISupportedInterfaceOrientations_iPhone = "UIInterfaceOrientationPortrait UIInterfaceOrientationLandscapeLeft UIInterfaceOrientationLandscapeRight";
				IPHONEOS_DEPLOYMENT_TARGET = 17.0;
				LD_RUNPATH_SEARCH_PATHS = "@executable_path/Frameworks";
				"LD_RUNPATH_SEARCH_PATHS[sdk=macosx*]" = "@executable_path/../Frameworks";
				MACOSX_DEPLOYMENT_TARGET = 14.0;
				MARKETING_VERSION = 1.0;
				PRODUCT_BUNDLE_IDENTIFIER = com.wansook.Koala;
				PRODUCT_NAME = "$(TARGET_NAME)";
				SDKROOT = auto;
				SUPPORTED_PLATFORMS = "iphoneos iphonesimulator macosx xros xrsimulator";
				SUPPORTS_MACCATALYST = NO;
				SWIFT_EMIT_LOC_STRINGS = YES;
				SWIFT_VERSION = 5.0;
				TARGETED_DEVICE_FAMILY = "1,2,7";
			};
			name = Release;
		};
		CEF2C5992B7DC2F40063592B /* Debug */ = {
			isa = XCBuildConfiguration;
			buildSettings = {
				ALWAYS_EMBED_SWIFT_STANDARD_LIBRARIES = YES;
				BUNDLE_LOADER = "$(TEST_HOST)";
				CODE_SIGN_STYLE = Automatic;
				CURRENT_PROJECT_VERSION = 1;
				DEAD_CODE_STRIPPING = YES;
				GENERATE_INFOPLIST_FILE = YES;
				IPHONEOS_DEPLOYMENT_TARGET = 17.0;
				MACOSX_DEPLOYMENT_TARGET = 14.0;
				MARKETING_VERSION = 1.0;
				PRODUCT_BUNDLE_IDENTIFIER = com.wansook.KoalaTests;
				PRODUCT_NAME = "$(TARGET_NAME)";
				SDKROOT = auto;
				SUPPORTED_PLATFORMS = "iphoneos iphonesimulator macosx";
				SWIFT_EMIT_LOC_STRINGS = NO;
				SWIFT_VERSION = 5.0;
				TARGETED_DEVICE_FAMILY = "1,2";
				TEST_HOST = "$(BUILT_PRODUCTS_DIR)/Koala.app/$(BUNDLE_EXECUTABLE_FOLDER_PATH)/Koala";
			};
			name = Debug;
		};
		CEF2C59A2B7DC2F40063592B /* Release */ = {
			isa = XCBuildConfiguration;
			buildSettings = {
				ALWAYS_EMBED_SWIFT_STANDARD_LIBRARIES = YES;
				BUNDLE_LOADER = "$(TEST_HOST)";
				CODE_SIGN_STYLE = Automatic;
				CURRENT_PROJECT_VERSION = 1;
				DEAD_CODE_STRIPPING = YES;
				GENERATE_INFOPLIST_FILE = YES;
				IPHONEOS_DEPLOYMENT_TARGET = 17.0;
				MACOSX_DEPLOYMENT_TARGET = 14.0;
				MARKETING_VERSION = 1.0;
				PRODUCT_BUNDLE_IDENTIFIER = com.wansook.KoalaTests;
				PRODUCT_NAME = "$(TARGET_NAME)";
				SDKROOT = auto;
				SUPPORTED_PLATFORMS = "iphoneos iphonesimulator macosx";
				SWIFT_EMIT_LOC_STRINGS = NO;
				SWIFT_VERSION = 5.0;
				TARGETED_DEVICE_FAMILY = "1,2";
				TEST_HOST = "$(BUILT_PRODUCTS_DIR)/Koala.app/$(BUNDLE_EXECUTABLE_FOLDER_PATH)/Koala";
			};
			name = Release;
		};
		CEF2C59C2B7DC2F40063592B /* Debug */ = {
			isa = XCBuildConfiguration;
			buildSettings = {
				ALWAYS_EMBED_SWIFT_STANDARD_LIBRARIES = YES;
				CODE_SIGN_STYLE = Automatic;
				CURRENT_PROJECT_VERSION = 1;
				DEAD_CODE_STRIPPING = YES;
				GENERATE_INFOPLIST_FILE = YES;
				IPHONEOS_DEPLOYMENT_TARGET = 17.0;
				MACOSX_DEPLOYMENT_TARGET = 14.0;
				MARKETING_VERSION = 1.0;
				PRODUCT_BUNDLE_IDENTIFIER = com.wansook.KoalaUITests;
				PRODUCT_NAME = "$(TARGET_NAME)";
				SDKROOT = auto;
				SUPPORTED_PLATFORMS = "iphoneos iphonesimulator macosx";
				SWIFT_EMIT_LOC_STRINGS = NO;
				SWIFT_VERSION = 5.0;
				TARGETED_DEVICE_FAMILY = "1,2";
				TEST_TARGET_NAME = Koala;
			};
			name = Debug;
		};
		CEF2C59D2B7DC2F40063592B /* Release */ = {
			isa = XCBuildConfiguration;
			buildSettings = {
				ALWAYS_EMBED_SWIFT_STANDARD_LIBRARIES = YES;
				CODE_SIGN_STYLE = Automatic;
				CURRENT_PROJECT_VERSION = 1;
				DEAD_CODE_STRIPPING = YES;
				GENERATE_INFOPLIST_FILE = YES;
				IPHONEOS_DEPLOYMENT_TARGET = 17.0;
				MACOSX_DEPLOYMENT_TARGET = 14.0;
				MARKETING_VERSION = 1.0;
				PRODUCT_BUNDLE_IDENTIFIER = com.wansook.KoalaUITests;
				PRODUCT_NAME = "$(TARGET_NAME)";
				SDKROOT = auto;
				SUPPORTED_PLATFORMS = "iphoneos iphonesimulator macosx";
				SWIFT_EMIT_LOC_STRINGS = NO;
				SWIFT_VERSION = 5.0;
				TARGETED_DEVICE_FAMILY = "1,2";
				TEST_TARGET_NAME = Koala;
			};
			name = Release;
		};
/* End XCBuildConfiguration section */

/* Begin XCConfigurationList section */
		CE72F86F2B7DCBC000E13E4C /* Build configuration list for PBXNativeTarget "KoalaWatch" */ = {
			isa = XCConfigurationList;
			buildConfigurations = (
				CE72F8692B7DCBC000E13E4C /* Debug */,
				CE72F86A2B7DCBC000E13E4C /* Release */,
			);
			defaultConfigurationIsVisible = 0;
			defaultConfigurationName = Release;
		};
		CE72F8702B7DCBC000E13E4C /* Build configuration list for PBXNativeTarget "KoalaWatchTests" */ = {
			isa = XCConfigurationList;
			buildConfigurations = (
				CE72F86B2B7DCBC000E13E4C /* Debug */,
				CE72F86C2B7DCBC000E13E4C /* Release */,
			);
			defaultConfigurationIsVisible = 0;
			defaultConfigurationName = Release;
		};
		CE72F8712B7DCBC000E13E4C /* Build configuration list for PBXNativeTarget "KoalaWatchUITests" */ = {
			isa = XCConfigurationList;
			buildConfigurations = (
				CE72F86D2B7DCBC000E13E4C /* Debug */,
				CE72F86E2B7DCBC000E13E4C /* Release */,
			);
			defaultConfigurationIsVisible = 0;
			defaultConfigurationName = Release;
		};
		CEF2C5692B7DC2F30063592B /* Build configuration list for PBXProject "Koala" */ = {
			isa = XCConfigurationList;
			buildConfigurations = (
				CEF2C5932B7DC2F40063592B /* Debug */,
				CEF2C5942B7DC2F40063592B /* Release */,
			);
			defaultConfigurationIsVisible = 0;
			defaultConfigurationName = Release;
		};
		CEF2C5952B7DC2F40063592B /* Build configuration list for PBXNativeTarget "Koala" */ = {
			isa = XCConfigurationList;
			buildConfigurations = (
				CEF2C5962B7DC2F40063592B /* Debug */,
				CEF2C5972B7DC2F40063592B /* Release */,
			);
			defaultConfigurationIsVisible = 0;
			defaultConfigurationName = Release;
		};
		CEF2C5982B7DC2F40063592B /* Build configuration list for PBXNativeTarget "KoalaTests" */ = {
			isa = XCConfigurationList;
			buildConfigurations = (
				CEF2C5992B7DC2F40063592B /* Debug */,
				CEF2C59A2B7DC2F40063592B /* Release */,
			);
			defaultConfigurationIsVisible = 0;
			defaultConfigurationName = Release;
		};
		CEF2C59B2B7DC2F40063592B /* Build configuration list for PBXNativeTarget "KoalaUITests" */ = {
			isa = XCConfigurationList;
			buildConfigurations = (
				CEF2C59C2B7DC2F40063592B /* Debug */,
				CEF2C59D2B7DC2F40063592B /* Release */,
			);
			defaultConfigurationIsVisible = 0;
			defaultConfigurationName = Release;
		};
/* End XCConfigurationList section */
	};
	rootObject = CEF2C5662B7DC2F30063592B /* Project object */;
}
